<?xml version="1.0" encoding="UTF-8" standalone="yes" ?>
<CodeBlocks_project_file>
	<FileVersion major="1" minor="6" />
	<Project>
		<Option title="searchservices" />
		<Option pch_mode="2" />
		<Option compiler="gcc" />
		<Build>
			<Target title="ReleaseMainInd">
				<Option output="bin/Release/runIndexer" prefix_auto="1" extension_auto="1" />
				<Option object_output="obj/Release/" />
				<Option type="1" />
				<Option compiler="gcc" />
				<Option parameters="~/code/searchservices/config.json" />
				<Compiler>
					<Add option="-O2" />
					<Add directory="commons" />
				</Compiler>
				<Linker>
					<Add option="-s" />
				</Linker>
			</Target>
			<Target title="ReleaseMainAna">
				<Option output="bin/Release/runAnalyser" prefix_auto="1" extension_auto="1" />
				<Option object_output="obj/Release/" />
				<Option type="1" />
				<Option compiler="gcc" />
				<Option parameters="0.7 0.3 1 1 /home/amourao/code/shotdetection/bin/minecraft_cedd.bin /home/amourao/code/shotdetection/bin/league_cedd.bin,/home/amourao/code/shotdetection/bin/kizomba_cedd.bin,/home/amourao/code/shotdetection/bin/touro_cedd.bin,/home/amourao/code/shotdetection/bin/violetta_cedd.bin,/home/amourao/code/shotdetection/bin/caricas_cedd.bin,/home/amourao/code/shotdetection/bin/zumba_cedd.bin" />
				<Compiler>
					<Add option="-O2" />
					<Add directory="commons" />
				</Compiler>
				<Linker>
					<Add option="-s" />
				</Linker>
			</Target>
			<Target title="ReleaseServer">
				<Option output="bin/Release/server" prefix_auto="1" extension_auto="1" />
				<Option object_output="obj/Release/" />
				<Option type="1" />
				<Option compiler="gcc" />
				<Option parameters="default.json" />
				<Compiler>
					<Add option="-O2" />
					<Add directory="commons" />
				</Compiler>
				<Linker>
					<Add option="-s" />
				</Linker>
			</Target>
			<Target title="DebugMainInd">
				<Option output="bin/Debug/runIndexer" prefix_auto="1" extension_auto="1" />
				<Option object_output="obj/Debug/" />
				<Option type="1" />
				<Option compiler="gcc" />
				<Option parameters="config.json" />
				<Compiler>
					<Add option="-g" />
					<Add directory="commons" />
				</Compiler>
			</Target>
			<Target title="DebugMainAna">
				<Option output="bin/Debug/runAnalyser" prefix_auto="1" extension_auto="1" />
				<Option object_output="obj/Debug/" />
				<Option type="1" />
				<Option compiler="gcc" />
				<Option parameters="0.1 0.3 0.01 0.2 /home/amourao/code/shotdetection/bin/zumba_gist883.bin /home/amourao/code/shotdetection/bin/league_gist883.bin,/home/amourao/code/shotdetection/bin/kizomba_gist883.bin,/home/amourao/code/shotdetection/bin/touro_gist883.bin,/home/amourao/code/shotdetection/bin/violetta_gist883.bin,/home/amourao/code/shotdetection/bin/caricas_gist883.bin,/home/amourao/code/shotdetection/bin/minecraft_gist883.bin" />
				<Compiler>
					<Add option="-g" />
					<Add directory="commons" />
				</Compiler>
			</Target>
			<Target title="DebugServer">
				<Option output="bin/Debug/server" prefix_auto="1" extension_auto="1" />
				<Option object_output="obj/Debug/" />
				<Option type="1" />
				<Option compiler="gcc" />
				<Option parameters="default.json" />
				<Compiler>
					<Add option="-g" />
					<Add directory="commons" />
				</Compiler>
			</Target>
		</Build>
		<Compiler>
			<Add option="-std=c++11" />
			<Add option="-Wall" />
			<Add option="-fexceptions" />
			<Add option="-DREAL_FLOAT" />
			<Add option="-DUSE_GIST" />
			<Add option="-DSTANDALONE_GIST" />
			<Add option="-DPOCO_NO_FPENVIRONMENT" />
			<Add directory="/home/amourao/myLibs/include/" />
			<Add directory="/home/amourao/code/sparsereconstruction/" />
		</Compiler>
		<Linker>
			<Add option="-fopenmp -lhdf5 -lflann -ljsoncpp -lopencv_core -lopencv_imgproc -lopencv_calib3d -lopencv_video -lopencv_photo -lopencv_features2d -lopencv_ml -lopencv_highgui -lopencv_objdetect -lopencv_contrib -lopencv_legacy -lopencv_nonfree -lfftw3f -lfftw3 -lm -lopencv_legacy -lopencv_flann -larmadillo -llapack -lblas -lPocoFoundation -lPocoData -lPocoDataSQLite -lPocoNet -lPocoXML -lPocoJSON -lPocoUtil -lcurl -lpugixml" />
			<Add directory="/home/amourao/myLibs/lib/" />
			<Add directory="/home/amourao/myLibs/include/" />
			<Add directory="/home/amourao/code/sparsereconstruction/" />
		</Linker>
		<Unit filename="analyser/FactoryAnalyser.cpp" />
		<Unit filename="analyser/FactoryAnalyser.h" />
		<Unit filename="analyser/FactoryClassifier.cpp" />
		<Unit filename="analyser/FactoryClassifier.h" />
		<Unit filename="analyser/IAnalyser.h" />
		<Unit filename="analyser/Main.cpp">
			<Option target="&lt;{~None~}&gt;" />
		</Unit>
		<Unit filename="analyser/Main2.cpp">
			<Option target="ReleaseMainAna" />
			<Option target="DebugMainAna" />
		</Unit>
		<Unit filename="analyser/Main3.cpp">
			<Option target="DebugMainInd" />
			<Option target="ReleaseMainInd" />
		</Unit>
		<Unit filename="analyser/nKeypoint/KeypointFeatureExtractor.h" />
		<Unit filename="analyser/nKeypoint/SIFTExtractor.cpp" />
		<Unit filename="analyser/nKeypoint/SIFTExtractor.h" />
		<Unit filename="analyser/nKeypoint/SURFExtractor.cpp" />
		<Unit filename="analyser/nKeypoint/SURFExtractor.h" />
		<Unit filename="analyser/nRoi/FaceDetection.cpp" />
		<Unit filename="analyser/nRoi/FaceDetection.h" />
		<Unit filename="analyser/nRoi/HaarDetector.cpp" />
		<Unit filename="analyser/nRoi/HaarDetector.h" />
		<Unit filename="analyser/nRoi/RoiFeatureExtractor.h" />
		<Unit filename="analyser/nTag/FaceRecognition.cpp" />
		<Unit filename="analyser/nTag/FaceRecognition.h" />
		<Unit filename="analyser/nTag/FacialExpressionRecognition.cpp" />
		<Unit filename="analyser/nTag/FacialExpressionRecognition.h" />
		<Unit filename="analyser/nTag/IClassifier.h" />
		<Unit filename="analyser/nTag/SRClassifier.cpp" />
		<Unit filename="analyser/nTag/SRClassifier.h" />
		<Unit filename="analyser/nTag/SVMClassifier.cpp" />
		<Unit filename="analyser/nTag/SVMClassifier.h" />
		<Unit filename="analyser/nTag/TagFeatureExtractor.h" />
		<Unit filename="analyser/nTag/VWBasicClassifier.cpp" />
		<Unit filename="analyser/nTag/VWBasicClassifier.h" />
		<Unit filename="analyser/nTag/dalm.h" />
		<Unit filename="analyser/nTag/fista.h" />
		<Unit filename="analyser/nTag/kNNClassifier.cpp" />
		<Unit filename="analyser/nTag/kNNClassifier.h" />
		<Unit filename="analyser/nTag/omp.h" />
		<Unit filename="analyser/nTag/thresholding.h" />
		<Unit filename="analyser/nVector/CombinedExtractor.cpp" />
		<Unit filename="analyser/nVector/CombinedExtractor.h" />
		<Unit filename="analyser/nVector/EigenExtractor.cpp" />
		<Unit filename="analyser/nVector/EigenExtractor.h" />
		<Unit filename="analyser/nVector/FeatureExtractor.h" />
		<Unit filename="analyser/nVector/GISTExtractor.cpp" />
		<Unit filename="analyser/nVector/GISTExtractor.h" />
		<Unit filename="analyser/nVector/GaborExtractor.cpp" />
		<Unit filename="analyser/nVector/GaborExtractor.h" />
		<Unit filename="analyser/nVector/HistogramExtractor.cpp" />
		<Unit filename="analyser/nVector/HistogramExtractor.h" />
		<Unit filename="analyser/nVector/LBPExtractor.cpp" />
		<Unit filename="analyser/nVector/LBPExtractor.h" />
		<Unit filename="analyser/nVector/LireExtractor.cpp" />
		<Unit filename="analyser/nVector/LireExtractor.h" />
		<Unit filename="analyser/nVector/NullExtractor.cpp" />
		<Unit filename="analyser/nVector/NullExtractor.h" />
		<Unit filename="analyser/nVector/SIFTBowExtractor.cpp" />
		<Unit filename="analyser/nVector/SIFTBowExtractor.h" />
		<Unit filename="analyser/nVector/SegmentedHistogramExtractor.cpp" />
		<Unit filename="analyser/nVector/SegmentedHistogramExtractor.h" />
		<Unit filename="analyser/nVector/gist.c">
			<Option compilerVar="CC" />
		</Unit>
		<Unit filename="analyser/nVector/gist.h" />
		<Unit filename="analyser/nVector/lbp.cpp" />
		<Unit filename="analyser/nVector/lbp.h" />
		<Unit filename="analyser/nVector/standalone_image.c">
			<Option compilerVar="CC" />
		</Unit>
		<Unit filename="analyser/nVector/standalone_image.h" />
		<Unit filename="analyser/sources/CamSource.cpp" />
		<Unit filename="analyser/sources/CamSource.h" />
		<Unit filename="analyser/sources/ImageSource.h" />
		<Unit filename="analyser/sources/SingleImageSource.cpp" />
		<Unit filename="analyser/sources/SingleImageSource.h" />
		<Unit filename="analyser/sources/TextFileSource.cpp" />
		<Unit filename="analyser/sources/TextFileSource.h" />
		<Unit filename="analyser/sources/TextFileSourceV2.cpp" />
		<Unit filename="analyser/sources/TextFileSourceV2.h" />
		<Unit filename="analyser/sources/VideoSource.cpp" />
		<Unit filename="analyser/sources/VideoSource.h" />
		<Unit filename="analyser/tools/IBinImporter.h" />
		<Unit filename="analyser/tools/IlluminationCorrectionFilter.cpp" />
		<Unit filename="analyser/tools/IlluminationCorrectionFilter.h" />
		<Unit filename="analyser/tools/ImageFilter.h" />
		<Unit filename="analyser/tools/ImageSegmentator.cpp" />
		<Unit filename="analyser/tools/ImageSegmentator.h" />
		<Unit filename="analyser/tools/MIRFlickrImporter.cpp" />
		<Unit filename="analyser/tools/MIRFlickrImporter.h" />
		<Unit filename="analyser/tools/MatrixTools.cpp" />
		<Unit filename="analyser/tools/MatrixTools.h" />
		<Unit filename="analyser/tools/TestFunctions.cpp" />
		<Unit filename="analyser/tools/TrainTestFeaturesTools.cpp" />
		<Unit filename="analyser/tools/TrainTestFeaturesTools.h" />
		<Unit filename="analyser/tools/oneBillionImporter.cpp" />
		<Unit filename="analyser/tools/oneBillionImporter.h" />
		<Unit filename="analyser/tools/tinyImageImporter.cpp" />
		<Unit filename="analyser/tools/tinyImageImporter.h" />
		<Unit filename="appData/GameImage.cpp" />
		<Unit filename="appData/GameImage.h" />
		<Unit filename="commons/AppConfig.cpp" />
		<Unit filename="commons/AppConfig.h" />
		<Unit filename="commons/FileDownloader.cpp" />
		<Unit filename="commons/FileDownloader.h" />
		<Unit filename="commons/LoadConfig.cpp" />
		<Unit filename="commons/LoadConfig.h" />
		<Unit filename="commons/StringTools.cpp" />
		<Unit filename="commons/StringTools.h" />
		<Unit filename="commons/Timing.h" />
		<Unit filename="commons/factory/Factory.cpp" />
		<Unit filename="commons/factory/Factory.h" />
		<Unit filename="dataModel/DataModelController.cpp" />
		<Unit filename="dataModel/DataModelController.h" />
		<Unit filename="dataModel/DatabaseConnection.cpp" />
		<Unit filename="dataModel/DatabaseConnection.h" />
		<Unit filename="dataModel/IDataModel.h" />
		<Unit filename="dataModel/NKeypoint.cpp" />
		<Unit filename="dataModel/NKeypoint.h" />
		<Unit filename="dataModel/NRoi.cpp" />
		<Unit filename="dataModel/NRoi.h" />
		<Unit filename="dataModel/NTag.cpp" />
		<Unit filename="dataModel/NTag.h" />
		<Unit filename="dataModel/NVector.cpp" />
		<Unit filename="dataModel/NVector.h" />
		<Unit filename="indexer/FactoryIndexer.cpp" />
		<Unit filename="indexer/FactoryIndexer.h" />
		<Unit filename="indexer/FlannkNNIndexer.cpp" />
		<Unit filename="indexer/FlannkNNIndexer.h" />
		<Unit filename="indexer/IIndexer.h" />
		<Unit filename="indexer/LSHIndexer.cpp" />
		<Unit filename="indexer/LSHIndexer.h" />
		<Unit filename="indexer/MSIDXIndexer.cpp" />
		<Unit filename="indexer/MSIDXIndexer.h" />
		<Unit filename="indexer/SRIndexer.cpp" />
		<Unit filename="indexer/SRIndexer.h" />
		<Unit filename="indexer/SphericalHashIndexer.cpp" />
		<Unit filename="indexer/SphericalHashIndexer.h" />
		<Unit filename="indexer/e2lsh/BasicDefinitions.h" />
		<Unit filename="indexer/e2lsh/BucketHashing.cpp" />
		<Unit filename="indexer/e2lsh/BucketHashing.h" />
		<Unit filename="indexer/e2lsh/Geometry.cpp" />
		<Unit filename="indexer/e2lsh/Geometry.h" />
		<Unit filename="indexer/e2lsh/GlobalVars.cpp" />
		<Unit filename="indexer/e2lsh/GlobalVars.h" />
		<Unit filename="indexer/e2lsh/LSHMain.cpp" />
		<Unit filename="indexer/e2lsh/LocalitySensitiveHashing.cpp" />
		<Unit filename="indexer/e2lsh/LocalitySensitiveHashing.h" />
		<Unit filename="indexer/e2lsh/NearNeighbors.cpp" />
		<Unit filename="indexer/e2lsh/NearNeighbors.h" />
		<Unit filename="indexer/e2lsh/Random.cpp" />
		<Unit filename="indexer/e2lsh/Random.h" />
		<Unit filename="indexer/e2lsh/SelfTuning.cpp" />
		<Unit filename="indexer/e2lsh/SelfTuning.h" />
		<Unit filename="indexer/e2lsh/Util.cpp" />
		<Unit filename="indexer/e2lsh/Util.h" />
		<Unit filename="indexer/e2lsh/headers.h" />
		<Unit filename="indexer/sphericalHashing/BinaryHash.cpp" />
		<Unit filename="indexer/sphericalHashing/BinaryHash.h" />
		<Unit filename="indexer/sphericalHashing/Common.cpp" />
		<Unit filename="indexer/sphericalHashing/Common.h" />
		<Unit filename="indexer/sphericalHashing/Evaluation.h" />
		<Unit filename="indexer/sphericalHashing/Main.cpp" />
		<Unit filename="indexer/sphericalHashing/Parameters.h" />
		<Unit filename="indexer/sphericalHashing/Points.h" />
		<Unit filename="indexer/sphericalHashing/Stopwatch.cpp" />
		<Unit filename="indexer/sphericalHashing/Stopwatch.hpp" />
		<Unit filename="rest/Endpoints/TestEndpoint.cpp" />
		<Unit filename="rest/Endpoints/TestEndpoint.h" />
		<Unit filename="rest/Endpoints/analyser/CombSearchResult.cpp" />
		<Unit filename="rest/Endpoints/analyser/CombSearchResult.h" />
		<Unit filename="rest/Endpoints/analyser/EnsembleClassifier.cpp" />
		<Unit filename="rest/Endpoints/analyser/EnsembleClassifier.h" />
		<Unit filename="rest/Endpoints/analyser/ExtractFeatures.cpp" />
		<Unit filename="rest/Endpoints/analyser/ExtractFeatures.h" />
		<Unit filename="rest/Endpoints/analyser/GenericClassifier.cpp" />
		<Unit filename="rest/Endpoints/analyser/GenericClassifier.h" />
		<Unit filename="rest/Endpoints/analyser/GetObjectFeatures.cpp" />
		<Unit filename="rest/Endpoints/analyser/GetObjectFeatures.h" />
		<Unit filename="rest/Endpoints/analyser/MedicalSearchEngine.cpp" />
		<Unit filename="rest/Endpoints/analyser/MedicalSearchEngine.h" />
		<Unit filename="rest/Endpoints/analyser/SearchResult.cpp" />
		<Unit filename="rest/Endpoints/analyser/SearchResult.h" />
		<Unit filename="rest/Endpoints/codebits/Codebits.cpp" />
		<Unit filename="rest/Endpoints/codebits/Codebits.h" />
		<Unit filename="rest/Endpoints/database/GetMetadata.cpp" />
		<Unit filename="rest/Endpoints/database/GetMetadata.h" />
		<Unit filename="rest/Endpoints/indexer/GenericIndexer.cpp" />
		<Unit filename="rest/Endpoints/indexer/GenericIndexer.h" />
		<Unit filename="rest/FactoryEndpoint.cpp" />
		<Unit filename="rest/FactoryEndpoint.h" />
		<Unit filename="rest/IEndpoint.h" />
		<Unit filename="rest/RestRequestHandler.cpp" />
		<Unit filename="rest/RestRequestHandler.h" />
		<Unit filename="rest/RestServer.cpp" />
		<Unit filename="rest/RestServer.h" />
		<Unit filename="rest/main.cpp">
			<Option target="ReleaseServer" />
			<Option target="DebugServer" />
		</Unit>
		<Extensions>
			<code_completion />
			<debugger />
		</Extensions>
	</Project>
</CodeBlocks_project_file>
