<?xml version="1.0" encoding="UTF-8" standalone="yes" ?>
<CodeBlocks_project_file>
	<FileVersion major="1" minor="6" />
	<Project>
		<Option title="searchservices" />
		<Option pch_mode="2" />
		<Option compiler="gnu_gcc_compiler_49" />
		<Build>
			<Target title="ReleaseMainInd">
				<Option output="bin/Release/runIndexer" prefix_auto="1" extension_auto="1" />
				<Option object_output="obj/Release/" />
				<Option type="1" />
				<Option compiler="gnu_gcc_compiler_49" />
				<Option parameters="testDistIndexer" />
				<Compiler>
					<Add option="-O2" />
					<Add directory="commons" />
				</Compiler>
				<Linker>
					<Add option="-s" />
				</Linker>
			</Target>
			<Target title="ReleaseMainAna">
				<Option output="bin/Release/runAnalyser" prefix_auto="1" extension_auto="1" />
				<Option object_output="obj/Release/" />
				<Option type="1" />
				<Option compiler="gnu_gcc_compiler_49" />
				<Option parameters="validateANdMPWithBias configs/testBucketCapacity.json /home/amourao/code/searchservices/indexer/data/configCondor4_1_k_dict_seed.bin" />
				<Compiler>
					<Add option="-O2" />
					<Add directory="commons" />
				</Compiler>
				<Linker>
					<Add option="-s" />
				</Linker>
			</Target>
			<Target title="ReleaseServer">
				<Option output="bin/Release/server" prefix_auto="1" extension_auto="1" />
				<Option object_output="obj/Release/" />
				<Option type="1" />
				<Option compiler="gnu_gcc_compiler_49" />
				<Option parameters="default.json" />
				<Compiler>
					<Add option="-O2" />
					<Add directory="commons" />
				</Compiler>
				<Linker>
					<Add option="-s" />
				</Linker>
			</Target>
			<Target title="DebugMainInd">
				<Option output="bin/Debug/runIndexer" prefix_auto="1" extension_auto="1" />
				<Option object_output="obj/Debug/" />
				<Option type="1" />
				<Option compiler="gnu_gcc_compiler_49" />
				<Option parameters="testDistIndexer" />
				<Compiler>
					<Add option="-g" />
					<Add directory="commons" />
				</Compiler>
			</Target>
			<Target title="DebugMainAna">
				<Option output="bin/Debug/runAnalyser" prefix_auto="1" extension_auto="1" />
				<Option object_output="obj/Debug/" />
				<Option type="1" />
				<Option compiler="gnu_gcc_compiler_49" />
				<Option parameters="testANdMPWithBias configs/testBucketCapacity.json -bias" />
				<Compiler>
					<Add option="-g" />
					<Add directory="commons" />
				</Compiler>
			</Target>
			<Target title="DebugServer">
				<Option output="bin/Debug/server" prefix_auto="1" extension_auto="1" />
				<Option object_output="obj/Debug/" />
				<Option type="1" />
				<Option compiler="gnu_gcc_compiler_49" />
				<Option parameters="default.json" />
				<Compiler>
					<Add option="-g" />
					<Add directory="commons" />
				</Compiler>
			</Target>
			<Target title="MainShotDetectionMulti">
				<Option output="bin/Release/shotDetectionMulti" prefix_auto="1" extension_auto="1" />
				<Option object_output="obj/Release/" />
				<Option type="1" />
				<Option compiler="gnu_gcc_compiler_49" />
				<Option parameters="~/code/searchservices/config.json" />
				<Option projectCompilerOptionsRelation="1" />
				<Option projectLinkerOptionsRelation="1" />
				<Option projectIncludeDirsRelation="1" />
				<Option projectResourceIncludeDirsRelation="1" />
				<Option projectLibDirsRelation="1" />
				<Compiler>
					<Add option="-O2" />
					<Add option="-std=c++11" />
					<Add directory="commons" />
				</Compiler>
				<Linker>
					<Add option="-s" />
					<Add option="-static -I/localstore/searchservices/libsStatic/include/opencv -I/localstore/searchservices/libsStatic/include/ -L-I/localstore/searchservices/libsStatic/lib  /localstore/searchservices/libsStatic/lib/libopencv_highgui.a /localstore/searchservices/libsStatic/share/OpenCV/3rdparty/lib/libIlmImf.a /localstore/searchservices/libsStatic/share/OpenCV/3rdparty/lib/liblibpng.a /localstore/searchservices/libsStatic/share/OpenCV/3rdparty/lib/liblibjpeg.a /localstore/searchservices/libsStatic/lib/libopencv_video.a /localstore/searchservices/libsStatic/lib/libopencv_imgproc.a /localstore/searchservices/libsStatic/lib/libopencv_core.a /localstore/searchservices/libsStatic/lib/multi/libswscale.a /localstore/searchservices/libsStatic/lib/multi/libavformat.a /localstore/searchservices/libsStatic/lib/multi/libavcodec.a /localstore/searchservices/libsStatic/lib/multi/libavutil.a /localstore/searchservices/libsStatic/lib/multi/libx264.a /localstore/searchservices/libsStatic/lib/multi/libswresample.a /localstore/searchservices/libsStatic/share/OpenCV/3rdparty/lib/libzlib.a  /localstore/searchservices/libsStatic/lib/liblzma.a -lrt -lpthread -lm -ldl -lstdc++ -lboost_program_options" />
				</Linker>
			</Target>
			<Target title="MainShotDetectionSingle">
				<Option output="bin/Release/shotDetectionSingle" prefix_auto="1" extension_auto="1" />
				<Option object_output="obj/Release/" />
				<Option type="1" />
				<Option compiler="gnu_gcc_compiler_49" />
				<Option parameters="/home/amourao/code/shotdetection/demoVideos/2rWTjNUCvY2qIu4Kv9O4.mp4" />
				<Option projectCompilerOptionsRelation="1" />
				<Option projectLinkerOptionsRelation="1" />
				<Option projectIncludeDirsRelation="1" />
				<Option projectResourceIncludeDirsRelation="1" />
				<Option projectLibDirsRelation="1" />
				<Compiler>
					<Add option="-O2" />
					<Add option="-std=c++11" />
					<Add directory="commons" />
				</Compiler>
				<Linker>
					<Add option="-s" />
					<Add option="-static -I/localstore/searchservices/libsStatic/include/opencv -I/localstore/searchservices/libsStatic/include/ -L-I/localstore/searchservices/libsStatic/lib  /localstore/searchservices/libsStatic/lib/libopencv_highgui.a /localstore/searchservices/libsStatic/share/OpenCV/3rdparty/lib/libIlmImf.a /localstore/searchservices/libsStatic/share/OpenCV/3rdparty/lib/liblibpng.a /localstore/searchservices/libsStatic/share/OpenCV/3rdparty/lib/liblibjpeg.a /localstore/searchservices/libsStatic/lib/libopencv_video.a /localstore/searchservices/libsStatic/lib/libopencv_imgproc.a /localstore/searchservices/libsStatic/lib/libopencv_core.a /localstore/searchservices/libsStatic/lib/single/libswscale.a /localstore/searchservices/libsStatic/lib/single/libavformat.a /localstore/searchservices/libsStatic/lib/single/libavcodec.a /localstore/searchservices/libsStatic/lib/single/libavutil.a /localstore/searchservices/libsStatic/lib/single/libx264.a /localstore/searchservices/libsStatic/lib/single/libswresample.a /localstore/searchservices/libsStatic/share/OpenCV/3rdparty/lib/libzlib.a  -llzma -lrt -lpthread -lm -ldl -lstdc++ -lboost_program_options" />
				</Linker>
			</Target>
			<Target title="ReleaseEusipco">
				<Option output="bin/Release/runEusipco" prefix_auto="1" extension_auto="1" />
				<Option object_output="obj/Release/" />
				<Option type="1" />
				<Option compiler="gnu_gcc_compiler_49" />
				<Option parameters="~/code/searchservices/default.json" />
				<Compiler>
					<Add option="-O2" />
					<Add directory="commons" />
				</Compiler>
				<Linker>
					<Add option="-s" />
				</Linker>
			</Target>
			<Target title="DebugEusipco">
				<Option output="bin/Debug/runEusipco" prefix_auto="1" extension_auto="1" />
				<Option object_output="obj/Debug/" />
				<Option type="1" />
				<Option compiler="gnu_gcc_compiler_49" />
				<Option parameters="~/code/searchservices/default.json" />
				<Compiler>
					<Add option="-g" />
					<Add directory="commons" />
				</Compiler>
			</Target>
			<Target title="ReleaseDistIndexing">
				<Option output="bin/Release/distIndexer" prefix_auto="1" extension_auto="1" />
				<Option object_output="obj/Release/" />
				<Option type="1" />
				<Option compiler="gnu_gcc_compiler_49" />
				<Option parameters="srMaster configs/defaultMaster.json" />
				<Compiler>
					<Add option="-O2" />
					<Add directory="commons" />
				</Compiler>
				<Linker>
					<Add option="-s" />
				</Linker>
			</Target>
			<Target title="DebugDistIndexing">
				<Option output="bin/Debug/distIndexer" prefix_auto="1" extension_auto="1" />
				<Option object_output="obj/Debug/" />
				<Option type="1" />
				<Option compiler="gnu_gcc_compiler_49" />
				<Option parameters="srMaster configs/defaultMaster.json" />
				<Compiler>
					<Add option="-g" />
					<Add directory="commons" />
				</Compiler>
			</Target>
		</Build>
		<Compiler>
			<Add option="-O2" />
			<Add option="-std=c++11" />
			<Add option="-Wall" />
			<Add option="-fexceptions -fopenmp" />
			<Add option="-DREAL_FLOAT" />
			<Add option="-DUSE_GIST" />
			<Add option="-DSTANDALONE_GIST" />
			<Add option="-DPOCO_NO_FPENVIRONMENT" />
			<Add directory="/localstore/searchservices/libs/include/" />
			<Add directory="/home/amourao/code/sparsereconstruction/" />
		</Compiler>
		<Linker>
			<Add option="-fopenmp -lhdf5 -lflann -ljsoncpp -lopencv_core -lopencv_imgproc -lopencv_calib3d -lopencv_video -lopencv_photo -lopencv_features2d -lopencv_ml -lopencv_highgui -lopencv_objdetect -lopencv_contrib -lopencv_legacy -lopencv_nonfree -lfftw3f -lfftw3 -lm -lopencv_legacy -lopencv_flann -larmadillo -llapack -lblas -lPocoFoundation -lPocoData -lPocoDataSQLite -lPocoNet -lPocoXML -lPocoJSON -lPocoUtil -lcurl -lpugixml -ldb -ldb_cxx  -fopenmp" />
			<Add directory="/localstore/searchservices/libs/lib/" />
			<Add directory="/localstore/searchservices/libs/include/" />
			<Add directory="/home/amourao/code/sparsereconstruction/" />
		</Linker>
		<Unit filename="analyser/FactoryAnalyser.cpp">
			<Option target="ReleaseMainInd" />
			<Option target="ReleaseMainAna" />
			<Option target="ReleaseServer" />
			<Option target="DebugMainInd" />
			<Option target="DebugMainAna" />
			<Option target="DebugServer" />
			<Option target="ReleaseEusipco" />
			<Option target="DebugEusipco" />
			<Option target="ReleaseDistIndexing" />
			<Option target="DebugDistIndexing" />
		</Unit>
		<Unit filename="analyser/FactoryAnalyser.h">
			<Option target="ReleaseMainInd" />
			<Option target="ReleaseMainAna" />
			<Option target="ReleaseServer" />
			<Option target="DebugMainInd" />
			<Option target="DebugMainAna" />
			<Option target="DebugServer" />
			<Option target="ReleaseEusipco" />
			<Option target="DebugEusipco" />
			<Option target="ReleaseDistIndexing" />
			<Option target="DebugDistIndexing" />
		</Unit>
		<Unit filename="analyser/FactoryClassifier.cpp">
			<Option target="ReleaseMainInd" />
			<Option target="ReleaseMainAna" />
			<Option target="ReleaseServer" />
			<Option target="DebugMainInd" />
			<Option target="DebugMainAna" />
			<Option target="DebugServer" />
			<Option target="ReleaseEusipco" />
			<Option target="DebugEusipco" />
			<Option target="ReleaseDistIndexing" />
			<Option target="DebugDistIndexing" />
		</Unit>
		<Unit filename="analyser/FactoryClassifier.h">
			<Option target="ReleaseMainInd" />
			<Option target="ReleaseMainAna" />
			<Option target="ReleaseServer" />
			<Option target="DebugMainInd" />
			<Option target="DebugMainAna" />
			<Option target="DebugServer" />
			<Option target="ReleaseEusipco" />
			<Option target="DebugEusipco" />
			<Option target="ReleaseDistIndexing" />
			<Option target="DebugDistIndexing" />
		</Unit>
		<Unit filename="analyser/IAnalyser.h">
			<Option target="ReleaseMainInd" />
			<Option target="ReleaseMainAna" />
			<Option target="ReleaseServer" />
			<Option target="DebugMainInd" />
			<Option target="DebugMainAna" />
			<Option target="DebugServer" />
			<Option target="ReleaseEusipco" />
			<Option target="DebugEusipco" />
			<Option target="ReleaseDistIndexing" />
			<Option target="DebugDistIndexing" />
		</Unit>
		<Unit filename="analyser/Main.cpp">
			<Option target="&lt;{~None~}&gt;" />
		</Unit>
		<Unit filename="analyser/Main2.cpp">
			<Option target="ReleaseMainAna" />
			<Option target="DebugMainAna" />
		</Unit>
		<Unit filename="analyser/Main3.cpp">
			<Option target="DebugMainInd" />
			<Option target="ReleaseMainInd" />
		</Unit>
		<Unit filename="analyser/MainDistInd.cpp">
			<Option target="ReleaseDistIndexing" />
			<Option target="DebugDistIndexing" />
		</Unit>
		<Unit filename="analyser/MainEusipco.cpp">
			<Option target="ReleaseEusipco" />
			<Option target="DebugEusipco" />
		</Unit>
		<Unit filename="analyser/nKeypoint/KeypointFeatureExtractor.h">
			<Option target="ReleaseMainInd" />
			<Option target="ReleaseMainAna" />
			<Option target="ReleaseServer" />
			<Option target="DebugMainInd" />
			<Option target="DebugMainAna" />
			<Option target="DebugServer" />
			<Option target="ReleaseEusipco" />
			<Option target="DebugEusipco" />
			<Option target="ReleaseDistIndexing" />
			<Option target="DebugDistIndexing" />
		</Unit>
		<Unit filename="analyser/nKeypoint/SIFTExtractor.cpp">
			<Option target="ReleaseMainInd" />
			<Option target="ReleaseMainAna" />
			<Option target="ReleaseServer" />
			<Option target="DebugMainInd" />
			<Option target="DebugMainAna" />
			<Option target="DebugServer" />
			<Option target="ReleaseEusipco" />
			<Option target="DebugEusipco" />
			<Option target="ReleaseDistIndexing" />
			<Option target="DebugDistIndexing" />
		</Unit>
		<Unit filename="analyser/nKeypoint/SIFTExtractor.h">
			<Option target="ReleaseMainInd" />
			<Option target="ReleaseMainAna" />
			<Option target="ReleaseServer" />
			<Option target="DebugMainInd" />
			<Option target="DebugMainAna" />
			<Option target="DebugServer" />
			<Option target="ReleaseEusipco" />
			<Option target="DebugEusipco" />
			<Option target="ReleaseDistIndexing" />
			<Option target="DebugDistIndexing" />
		</Unit>
		<Unit filename="analyser/nKeypoint/SURFExtractor.cpp">
			<Option target="ReleaseMainInd" />
			<Option target="ReleaseMainAna" />
			<Option target="ReleaseServer" />
			<Option target="DebugMainInd" />
			<Option target="DebugMainAna" />
			<Option target="DebugServer" />
			<Option target="ReleaseEusipco" />
			<Option target="DebugEusipco" />
			<Option target="ReleaseDistIndexing" />
			<Option target="DebugDistIndexing" />
		</Unit>
		<Unit filename="analyser/nKeypoint/SURFExtractor.h">
			<Option target="ReleaseMainInd" />
			<Option target="ReleaseMainAna" />
			<Option target="ReleaseServer" />
			<Option target="DebugMainInd" />
			<Option target="DebugMainAna" />
			<Option target="DebugServer" />
			<Option target="ReleaseEusipco" />
			<Option target="DebugEusipco" />
			<Option target="ReleaseDistIndexing" />
			<Option target="DebugDistIndexing" />
		</Unit>
		<Unit filename="analyser/nRoi/FaceDetection.cpp">
			<Option target="ReleaseMainInd" />
			<Option target="ReleaseMainAna" />
			<Option target="ReleaseServer" />
			<Option target="DebugMainInd" />
			<Option target="DebugMainAna" />
			<Option target="DebugServer" />
			<Option target="ReleaseEusipco" />
			<Option target="DebugEusipco" />
			<Option target="ReleaseDistIndexing" />
			<Option target="DebugDistIndexing" />
		</Unit>
		<Unit filename="analyser/nRoi/FaceDetection.h">
			<Option target="ReleaseMainInd" />
			<Option target="ReleaseMainAna" />
			<Option target="ReleaseServer" />
			<Option target="DebugMainInd" />
			<Option target="DebugMainAna" />
			<Option target="DebugServer" />
			<Option target="ReleaseEusipco" />
			<Option target="DebugEusipco" />
			<Option target="ReleaseDistIndexing" />
			<Option target="DebugDistIndexing" />
		</Unit>
		<Unit filename="analyser/nRoi/HaarDetector.cpp">
			<Option target="ReleaseMainInd" />
			<Option target="ReleaseMainAna" />
			<Option target="ReleaseServer" />
			<Option target="DebugMainInd" />
			<Option target="DebugMainAna" />
			<Option target="DebugServer" />
			<Option target="ReleaseEusipco" />
			<Option target="DebugEusipco" />
			<Option target="ReleaseDistIndexing" />
			<Option target="DebugDistIndexing" />
		</Unit>
		<Unit filename="analyser/nRoi/HaarDetector.h">
			<Option target="ReleaseMainInd" />
			<Option target="ReleaseMainAna" />
			<Option target="ReleaseServer" />
			<Option target="DebugMainInd" />
			<Option target="DebugMainAna" />
			<Option target="DebugServer" />
			<Option target="ReleaseEusipco" />
			<Option target="DebugEusipco" />
			<Option target="ReleaseDistIndexing" />
			<Option target="DebugDistIndexing" />
		</Unit>
		<Unit filename="analyser/nRoi/RoiFeatureExtractor.h">
			<Option target="ReleaseMainInd" />
			<Option target="ReleaseMainAna" />
			<Option target="ReleaseServer" />
			<Option target="DebugMainInd" />
			<Option target="DebugMainAna" />
			<Option target="DebugServer" />
			<Option target="ReleaseEusipco" />
			<Option target="DebugEusipco" />
			<Option target="ReleaseDistIndexing" />
			<Option target="DebugDistIndexing" />
		</Unit>
		<Unit filename="analyser/nTag/FaceRecognition.cpp">
			<Option target="ReleaseMainInd" />
			<Option target="ReleaseMainAna" />
			<Option target="ReleaseServer" />
			<Option target="DebugMainInd" />
			<Option target="DebugMainAna" />
			<Option target="DebugServer" />
			<Option target="ReleaseEusipco" />
			<Option target="DebugEusipco" />
			<Option target="ReleaseDistIndexing" />
			<Option target="DebugDistIndexing" />
		</Unit>
		<Unit filename="analyser/nTag/FaceRecognition.h">
			<Option target="ReleaseMainInd" />
			<Option target="ReleaseMainAna" />
			<Option target="ReleaseServer" />
			<Option target="DebugMainInd" />
			<Option target="DebugMainAna" />
			<Option target="DebugServer" />
			<Option target="ReleaseEusipco" />
			<Option target="DebugEusipco" />
			<Option target="ReleaseDistIndexing" />
			<Option target="DebugDistIndexing" />
		</Unit>
		<Unit filename="analyser/nTag/FacialExpressionRecognition.cpp">
			<Option target="ReleaseMainInd" />
			<Option target="ReleaseMainAna" />
			<Option target="ReleaseServer" />
			<Option target="DebugMainInd" />
			<Option target="DebugMainAna" />
			<Option target="DebugServer" />
			<Option target="ReleaseEusipco" />
			<Option target="DebugEusipco" />
			<Option target="ReleaseDistIndexing" />
			<Option target="DebugDistIndexing" />
		</Unit>
		<Unit filename="analyser/nTag/FacialExpressionRecognition.h">
			<Option target="ReleaseMainInd" />
			<Option target="ReleaseMainAna" />
			<Option target="ReleaseServer" />
			<Option target="DebugMainInd" />
			<Option target="DebugMainAna" />
			<Option target="DebugServer" />
			<Option target="ReleaseEusipco" />
			<Option target="DebugEusipco" />
			<Option target="ReleaseDistIndexing" />
			<Option target="DebugDistIndexing" />
		</Unit>
		<Unit filename="analyser/nTag/IClassifier.h">
			<Option target="ReleaseMainInd" />
			<Option target="ReleaseMainAna" />
			<Option target="ReleaseServer" />
			<Option target="DebugMainInd" />
			<Option target="DebugMainAna" />
			<Option target="DebugServer" />
			<Option target="ReleaseEusipco" />
			<Option target="DebugEusipco" />
			<Option target="ReleaseDistIndexing" />
			<Option target="DebugDistIndexing" />
		</Unit>
		<Unit filename="analyser/nTag/SRClassifier.cpp">
			<Option target="ReleaseMainInd" />
			<Option target="ReleaseMainAna" />
			<Option target="ReleaseServer" />
			<Option target="DebugMainInd" />
			<Option target="DebugMainAna" />
			<Option target="DebugServer" />
			<Option target="ReleaseEusipco" />
			<Option target="DebugEusipco" />
			<Option target="ReleaseDistIndexing" />
			<Option target="DebugDistIndexing" />
		</Unit>
		<Unit filename="analyser/nTag/SRClassifier.h">
			<Option target="ReleaseMainInd" />
			<Option target="ReleaseMainAna" />
			<Option target="ReleaseServer" />
			<Option target="DebugMainInd" />
			<Option target="DebugMainAna" />
			<Option target="DebugServer" />
			<Option target="ReleaseEusipco" />
			<Option target="DebugEusipco" />
			<Option target="ReleaseDistIndexing" />
			<Option target="DebugDistIndexing" />
		</Unit>
		<Unit filename="analyser/nTag/SVMClassifier.cpp">
			<Option target="ReleaseMainInd" />
			<Option target="ReleaseMainAna" />
			<Option target="ReleaseServer" />
			<Option target="DebugMainInd" />
			<Option target="DebugMainAna" />
			<Option target="DebugServer" />
			<Option target="ReleaseEusipco" />
			<Option target="DebugEusipco" />
			<Option target="ReleaseDistIndexing" />
			<Option target="DebugDistIndexing" />
		</Unit>
		<Unit filename="analyser/nTag/SVMClassifier.h">
			<Option target="ReleaseMainInd" />
			<Option target="ReleaseMainAna" />
			<Option target="ReleaseServer" />
			<Option target="DebugMainInd" />
			<Option target="DebugMainAna" />
			<Option target="DebugServer" />
			<Option target="ReleaseEusipco" />
			<Option target="DebugEusipco" />
			<Option target="ReleaseDistIndexing" />
			<Option target="DebugDistIndexing" />
		</Unit>
		<Unit filename="analyser/nTag/TagFeatureExtractor.h">
			<Option target="ReleaseMainInd" />
			<Option target="ReleaseMainAna" />
			<Option target="ReleaseServer" />
			<Option target="DebugMainInd" />
			<Option target="DebugMainAna" />
			<Option target="DebugServer" />
			<Option target="ReleaseEusipco" />
			<Option target="DebugEusipco" />
			<Option target="ReleaseDistIndexing" />
			<Option target="DebugDistIndexing" />
		</Unit>
		<Unit filename="analyser/nTag/VWBasicClassifier.cpp">
			<Option target="ReleaseMainInd" />
			<Option target="ReleaseMainAna" />
			<Option target="ReleaseServer" />
			<Option target="DebugMainInd" />
			<Option target="DebugMainAna" />
			<Option target="DebugServer" />
			<Option target="ReleaseEusipco" />
			<Option target="DebugEusipco" />
			<Option target="ReleaseDistIndexing" />
			<Option target="DebugDistIndexing" />
		</Unit>
		<Unit filename="analyser/nTag/VWBasicClassifier.h">
			<Option target="ReleaseMainInd" />
			<Option target="ReleaseMainAna" />
			<Option target="ReleaseServer" />
			<Option target="DebugMainInd" />
			<Option target="DebugMainAna" />
			<Option target="DebugServer" />
			<Option target="ReleaseEusipco" />
			<Option target="DebugEusipco" />
			<Option target="ReleaseDistIndexing" />
			<Option target="DebugDistIndexing" />
		</Unit>
		<Unit filename="analyser/nTag/dalm.h">
			<Option target="ReleaseMainInd" />
			<Option target="ReleaseMainAna" />
			<Option target="ReleaseServer" />
			<Option target="DebugMainInd" />
			<Option target="DebugMainAna" />
			<Option target="DebugServer" />
			<Option target="ReleaseEusipco" />
			<Option target="DebugEusipco" />
			<Option target="ReleaseDistIndexing" />
			<Option target="DebugDistIndexing" />
		</Unit>
		<Unit filename="analyser/nTag/fista.h">
			<Option target="ReleaseMainInd" />
			<Option target="ReleaseMainAna" />
			<Option target="ReleaseServer" />
			<Option target="DebugMainInd" />
			<Option target="DebugMainAna" />
			<Option target="DebugServer" />
			<Option target="ReleaseEusipco" />
			<Option target="DebugEusipco" />
			<Option target="ReleaseDistIndexing" />
			<Option target="DebugDistIndexing" />
		</Unit>
		<Unit filename="analyser/nTag/kNNClassifier.cpp">
			<Option target="ReleaseMainInd" />
			<Option target="ReleaseMainAna" />
			<Option target="ReleaseServer" />
			<Option target="DebugMainInd" />
			<Option target="DebugMainAna" />
			<Option target="DebugServer" />
			<Option target="ReleaseEusipco" />
			<Option target="DebugEusipco" />
			<Option target="ReleaseDistIndexing" />
			<Option target="DebugDistIndexing" />
		</Unit>
		<Unit filename="analyser/nTag/kNNClassifier.h">
			<Option target="ReleaseMainInd" />
			<Option target="ReleaseMainAna" />
			<Option target="ReleaseServer" />
			<Option target="DebugMainInd" />
			<Option target="DebugMainAna" />
			<Option target="DebugServer" />
			<Option target="ReleaseEusipco" />
			<Option target="DebugEusipco" />
			<Option target="ReleaseDistIndexing" />
			<Option target="DebugDistIndexing" />
		</Unit>
		<Unit filename="analyser/nTag/omp.h">
			<Option target="ReleaseMainInd" />
			<Option target="ReleaseMainAna" />
			<Option target="ReleaseServer" />
			<Option target="DebugMainInd" />
			<Option target="DebugMainAna" />
			<Option target="DebugServer" />
			<Option target="ReleaseEusipco" />
			<Option target="DebugEusipco" />
			<Option target="ReleaseDistIndexing" />
			<Option target="DebugDistIndexing" />
		</Unit>
		<Unit filename="analyser/nTag/thresholding.h">
			<Option target="ReleaseMainInd" />
			<Option target="ReleaseMainAna" />
			<Option target="ReleaseServer" />
			<Option target="DebugMainInd" />
			<Option target="DebugMainAna" />
			<Option target="DebugServer" />
			<Option target="ReleaseEusipco" />
			<Option target="DebugEusipco" />
			<Option target="ReleaseDistIndexing" />
			<Option target="DebugDistIndexing" />
		</Unit>
		<Unit filename="analyser/nVector/ANdOMPExtractor.cpp" />
		<Unit filename="analyser/nVector/ANdOMPExtractor.h" />
		<Unit filename="analyser/nVector/ANdOMPTrainer.cpp" />
		<Unit filename="analyser/nVector/ANdOMPTrainer.h" />
		<Unit filename="analyser/nVector/CombinedExtractor.cpp">
			<Option target="ReleaseMainInd" />
			<Option target="ReleaseMainAna" />
			<Option target="ReleaseServer" />
			<Option target="DebugMainInd" />
			<Option target="DebugMainAna" />
			<Option target="DebugServer" />
			<Option target="ReleaseEusipco" />
			<Option target="DebugEusipco" />
			<Option target="ReleaseDistIndexing" />
			<Option target="DebugDistIndexing" />
		</Unit>
		<Unit filename="analyser/nVector/CombinedExtractor.h">
			<Option target="ReleaseMainInd" />
			<Option target="ReleaseMainAna" />
			<Option target="ReleaseServer" />
			<Option target="DebugMainInd" />
			<Option target="DebugMainAna" />
			<Option target="DebugServer" />
			<Option target="ReleaseEusipco" />
			<Option target="DebugEusipco" />
			<Option target="ReleaseDistIndexing" />
			<Option target="DebugDistIndexing" />
		</Unit>
		<Unit filename="analyser/nVector/EigenExtractor.cpp">
			<Option target="ReleaseMainInd" />
			<Option target="ReleaseMainAna" />
			<Option target="ReleaseServer" />
			<Option target="DebugMainInd" />
			<Option target="DebugMainAna" />
			<Option target="DebugServer" />
			<Option target="ReleaseEusipco" />
			<Option target="DebugEusipco" />
			<Option target="ReleaseDistIndexing" />
			<Option target="DebugDistIndexing" />
		</Unit>
		<Unit filename="analyser/nVector/EigenExtractor.h">
			<Option target="ReleaseMainInd" />
			<Option target="ReleaseMainAna" />
			<Option target="ReleaseServer" />
			<Option target="DebugMainInd" />
			<Option target="DebugMainAna" />
			<Option target="DebugServer" />
			<Option target="ReleaseEusipco" />
			<Option target="DebugEusipco" />
			<Option target="ReleaseDistIndexing" />
			<Option target="DebugDistIndexing" />
		</Unit>
		<Unit filename="analyser/nVector/FeatureExtractor.h">
			<Option target="ReleaseMainInd" />
			<Option target="ReleaseMainAna" />
			<Option target="ReleaseServer" />
			<Option target="DebugMainInd" />
			<Option target="DebugMainAna" />
			<Option target="DebugServer" />
			<Option target="ReleaseEusipco" />
			<Option target="DebugEusipco" />
			<Option target="ReleaseDistIndexing" />
			<Option target="DebugDistIndexing" />
		</Unit>
		<Unit filename="analyser/nVector/GISTExtractor.cpp">
			<Option target="ReleaseMainInd" />
			<Option target="ReleaseMainAna" />
			<Option target="ReleaseServer" />
			<Option target="DebugMainInd" />
			<Option target="DebugMainAna" />
			<Option target="DebugServer" />
			<Option target="ReleaseEusipco" />
			<Option target="DebugEusipco" />
			<Option target="ReleaseDistIndexing" />
			<Option target="DebugDistIndexing" />
		</Unit>
		<Unit filename="analyser/nVector/GISTExtractor.h">
			<Option target="ReleaseMainInd" />
			<Option target="ReleaseMainAna" />
			<Option target="ReleaseServer" />
			<Option target="DebugMainInd" />
			<Option target="DebugMainAna" />
			<Option target="DebugServer" />
			<Option target="ReleaseEusipco" />
			<Option target="DebugEusipco" />
			<Option target="ReleaseDistIndexing" />
			<Option target="DebugDistIndexing" />
		</Unit>
		<Unit filename="analyser/nVector/GaborExtractor.cpp">
			<Option target="ReleaseMainInd" />
			<Option target="ReleaseMainAna" />
			<Option target="ReleaseServer" />
			<Option target="DebugMainInd" />
			<Option target="DebugMainAna" />
			<Option target="DebugServer" />
			<Option target="ReleaseEusipco" />
			<Option target="DebugEusipco" />
			<Option target="ReleaseDistIndexing" />
			<Option target="DebugDistIndexing" />
		</Unit>
		<Unit filename="analyser/nVector/GaborExtractor.h">
			<Option target="ReleaseMainInd" />
			<Option target="ReleaseMainAna" />
			<Option target="ReleaseServer" />
			<Option target="DebugMainInd" />
			<Option target="DebugMainAna" />
			<Option target="DebugServer" />
			<Option target="ReleaseEusipco" />
			<Option target="DebugEusipco" />
			<Option target="ReleaseDistIndexing" />
			<Option target="DebugDistIndexing" />
		</Unit>
		<Unit filename="analyser/nVector/HistogramExtractor.cpp">
			<Option target="ReleaseMainInd" />
			<Option target="ReleaseMainAna" />
			<Option target="ReleaseServer" />
			<Option target="DebugMainInd" />
			<Option target="DebugMainAna" />
			<Option target="DebugServer" />
			<Option target="ReleaseEusipco" />
			<Option target="DebugEusipco" />
			<Option target="ReleaseDistIndexing" />
			<Option target="DebugDistIndexing" />
		</Unit>
		<Unit filename="analyser/nVector/HistogramExtractor.h">
			<Option target="ReleaseMainInd" />
			<Option target="ReleaseMainAna" />
			<Option target="ReleaseServer" />
			<Option target="DebugMainInd" />
			<Option target="DebugMainAna" />
			<Option target="DebugServer" />
			<Option target="ReleaseEusipco" />
			<Option target="DebugEusipco" />
			<Option target="ReleaseDistIndexing" />
			<Option target="DebugDistIndexing" />
		</Unit>
		<Unit filename="analyser/nVector/LBPExtractor.cpp">
			<Option target="ReleaseMainInd" />
			<Option target="ReleaseMainAna" />
			<Option target="ReleaseServer" />
			<Option target="DebugMainInd" />
			<Option target="DebugMainAna" />
			<Option target="DebugServer" />
			<Option target="ReleaseEusipco" />
			<Option target="DebugEusipco" />
			<Option target="ReleaseDistIndexing" />
			<Option target="DebugDistIndexing" />
		</Unit>
		<Unit filename="analyser/nVector/LBPExtractor.h">
			<Option target="ReleaseMainInd" />
			<Option target="ReleaseMainAna" />
			<Option target="ReleaseServer" />
			<Option target="DebugMainInd" />
			<Option target="DebugMainAna" />
			<Option target="DebugServer" />
			<Option target="ReleaseEusipco" />
			<Option target="DebugEusipco" />
			<Option target="ReleaseDistIndexing" />
			<Option target="DebugDistIndexing" />
		</Unit>
		<Unit filename="analyser/nVector/LLCExtractor.cpp">
			<Option target="ReleaseMainInd" />
			<Option target="ReleaseMainAna" />
			<Option target="ReleaseServer" />
			<Option target="DebugMainInd" />
			<Option target="DebugMainAna" />
			<Option target="DebugServer" />
			<Option target="ReleaseEusipco" />
			<Option target="DebugEusipco" />
			<Option target="ReleaseDistIndexing" />
			<Option target="DebugDistIndexing" />
		</Unit>
		<Unit filename="analyser/nVector/LLCExtractor.h">
			<Option target="ReleaseMainInd" />
			<Option target="ReleaseMainAna" />
			<Option target="ReleaseServer" />
			<Option target="DebugMainInd" />
			<Option target="DebugMainAna" />
			<Option target="DebugServer" />
			<Option target="ReleaseEusipco" />
			<Option target="DebugEusipco" />
			<Option target="ReleaseDistIndexing" />
			<Option target="DebugDistIndexing" />
		</Unit>
		<Unit filename="analyser/nVector/LireExtractor.cpp">
			<Option target="ReleaseMainInd" />
			<Option target="ReleaseMainAna" />
			<Option target="ReleaseServer" />
			<Option target="DebugMainInd" />
			<Option target="DebugMainAna" />
			<Option target="DebugServer" />
			<Option target="ReleaseEusipco" />
			<Option target="DebugEusipco" />
			<Option target="ReleaseDistIndexing" />
			<Option target="DebugDistIndexing" />
		</Unit>
		<Unit filename="analyser/nVector/LireExtractor.h">
			<Option target="ReleaseMainInd" />
			<Option target="ReleaseMainAna" />
			<Option target="ReleaseServer" />
			<Option target="DebugMainInd" />
			<Option target="DebugMainAna" />
			<Option target="DebugServer" />
			<Option target="ReleaseEusipco" />
			<Option target="DebugEusipco" />
			<Option target="ReleaseDistIndexing" />
			<Option target="DebugDistIndexing" />
		</Unit>
		<Unit filename="analyser/nVector/NullExtractor.cpp">
			<Option target="ReleaseMainInd" />
			<Option target="ReleaseMainAna" />
			<Option target="ReleaseServer" />
			<Option target="DebugMainInd" />
			<Option target="DebugMainAna" />
			<Option target="DebugServer" />
			<Option target="ReleaseEusipco" />
			<Option target="DebugEusipco" />
			<Option target="ReleaseDistIndexing" />
			<Option target="DebugDistIndexing" />
		</Unit>
		<Unit filename="analyser/nVector/NullExtractor.h">
			<Option target="ReleaseMainInd" />
			<Option target="ReleaseMainAna" />
			<Option target="ReleaseServer" />
			<Option target="DebugMainInd" />
			<Option target="DebugMainAna" />
			<Option target="DebugServer" />
			<Option target="ReleaseEusipco" />
			<Option target="DebugEusipco" />
			<Option target="ReleaseDistIndexing" />
			<Option target="DebugDistIndexing" />
		</Unit>
		<Unit filename="analyser/nVector/SIFTBowExtractor.cpp">
			<Option target="ReleaseMainInd" />
			<Option target="ReleaseMainAna" />
			<Option target="ReleaseServer" />
			<Option target="DebugMainInd" />
			<Option target="DebugMainAna" />
			<Option target="DebugServer" />
			<Option target="ReleaseEusipco" />
			<Option target="DebugEusipco" />
			<Option target="ReleaseDistIndexing" />
			<Option target="DebugDistIndexing" />
		</Unit>
		<Unit filename="analyser/nVector/SIFTBowExtractor.h">
			<Option target="ReleaseMainInd" />
			<Option target="ReleaseMainAna" />
			<Option target="ReleaseServer" />
			<Option target="DebugMainInd" />
			<Option target="DebugMainAna" />
			<Option target="DebugServer" />
			<Option target="ReleaseEusipco" />
			<Option target="DebugEusipco" />
			<Option target="ReleaseDistIndexing" />
			<Option target="DebugDistIndexing" />
		</Unit>
		<Unit filename="analyser/nVector/SRExtractor.cpp" />
		<Unit filename="analyser/nVector/SRExtractor.h" />
		<Unit filename="analyser/nVector/SegmentedHistogramExtractor.cpp">
			<Option target="ReleaseMainInd" />
			<Option target="ReleaseMainAna" />
			<Option target="ReleaseServer" />
			<Option target="DebugMainInd" />
			<Option target="DebugMainAna" />
			<Option target="DebugServer" />
			<Option target="ReleaseEusipco" />
			<Option target="DebugEusipco" />
			<Option target="ReleaseDistIndexing" />
			<Option target="DebugDistIndexing" />
		</Unit>
		<Unit filename="analyser/nVector/SegmentedHistogramExtractor.h">
			<Option target="ReleaseMainInd" />
			<Option target="ReleaseMainAna" />
			<Option target="ReleaseServer" />
			<Option target="DebugMainInd" />
			<Option target="DebugMainAna" />
			<Option target="DebugServer" />
			<Option target="ReleaseEusipco" />
			<Option target="DebugEusipco" />
			<Option target="ReleaseDistIndexing" />
			<Option target="DebugDistIndexing" />
		</Unit>
		<Unit filename="analyser/nVector/gist.c">
			<Option compilerVar="CC" />
			<Option target="ReleaseMainInd" />
			<Option target="ReleaseMainAna" />
			<Option target="ReleaseServer" />
			<Option target="DebugMainInd" />
			<Option target="DebugMainAna" />
			<Option target="DebugServer" />
			<Option target="ReleaseEusipco" />
			<Option target="DebugEusipco" />
			<Option target="ReleaseDistIndexing" />
			<Option target="DebugDistIndexing" />
		</Unit>
		<Unit filename="analyser/nVector/gist.h">
			<Option target="ReleaseMainInd" />
			<Option target="ReleaseMainAna" />
			<Option target="ReleaseServer" />
			<Option target="DebugMainInd" />
			<Option target="DebugMainAna" />
			<Option target="DebugServer" />
			<Option target="ReleaseEusipco" />
			<Option target="DebugEusipco" />
			<Option target="ReleaseDistIndexing" />
			<Option target="DebugDistIndexing" />
		</Unit>
		<Unit filename="analyser/nVector/lbp.cpp">
			<Option target="ReleaseMainInd" />
			<Option target="ReleaseMainAna" />
			<Option target="ReleaseServer" />
			<Option target="DebugMainInd" />
			<Option target="DebugMainAna" />
			<Option target="DebugServer" />
			<Option target="ReleaseEusipco" />
			<Option target="DebugEusipco" />
			<Option target="ReleaseDistIndexing" />
			<Option target="DebugDistIndexing" />
		</Unit>
		<Unit filename="analyser/nVector/lbp.h">
			<Option target="ReleaseMainInd" />
			<Option target="ReleaseMainAna" />
			<Option target="ReleaseServer" />
			<Option target="DebugMainInd" />
			<Option target="DebugMainAna" />
			<Option target="DebugServer" />
			<Option target="ReleaseEusipco" />
			<Option target="DebugEusipco" />
			<Option target="ReleaseDistIndexing" />
			<Option target="DebugDistIndexing" />
		</Unit>
		<Unit filename="analyser/nVector/standalone_image.c">
			<Option compilerVar="CC" />
			<Option target="ReleaseMainInd" />
			<Option target="ReleaseMainAna" />
			<Option target="ReleaseServer" />
			<Option target="DebugMainInd" />
			<Option target="DebugMainAna" />
			<Option target="DebugServer" />
			<Option target="ReleaseEusipco" />
			<Option target="DebugEusipco" />
			<Option target="ReleaseDistIndexing" />
			<Option target="DebugDistIndexing" />
		</Unit>
		<Unit filename="analyser/nVector/standalone_image.h">
			<Option target="ReleaseMainInd" />
			<Option target="ReleaseMainAna" />
			<Option target="ReleaseServer" />
			<Option target="DebugMainInd" />
			<Option target="DebugMainAna" />
			<Option target="DebugServer" />
			<Option target="ReleaseEusipco" />
			<Option target="DebugEusipco" />
			<Option target="ReleaseDistIndexing" />
			<Option target="DebugDistIndexing" />
		</Unit>
		<Unit filename="analyser/sources/CamSource.cpp">
			<Option target="ReleaseMainInd" />
			<Option target="ReleaseMainAna" />
			<Option target="ReleaseServer" />
			<Option target="DebugMainInd" />
			<Option target="DebugMainAna" />
			<Option target="DebugServer" />
			<Option target="ReleaseEusipco" />
			<Option target="DebugEusipco" />
			<Option target="ReleaseDistIndexing" />
			<Option target="DebugDistIndexing" />
		</Unit>
		<Unit filename="analyser/sources/CamSource.h">
			<Option target="ReleaseMainInd" />
			<Option target="ReleaseMainAna" />
			<Option target="ReleaseServer" />
			<Option target="DebugMainInd" />
			<Option target="DebugMainAna" />
			<Option target="DebugServer" />
			<Option target="ReleaseEusipco" />
			<Option target="DebugEusipco" />
			<Option target="ReleaseDistIndexing" />
			<Option target="DebugDistIndexing" />
		</Unit>
		<Unit filename="analyser/sources/ImageSource.h">
			<Option target="ReleaseMainInd" />
			<Option target="ReleaseMainAna" />
			<Option target="ReleaseServer" />
			<Option target="DebugMainInd" />
			<Option target="DebugMainAna" />
			<Option target="DebugServer" />
			<Option target="ReleaseEusipco" />
			<Option target="DebugEusipco" />
			<Option target="ReleaseDistIndexing" />
			<Option target="DebugDistIndexing" />
		</Unit>
		<Unit filename="analyser/sources/SingleImageSource.cpp">
			<Option target="ReleaseMainInd" />
			<Option target="ReleaseMainAna" />
			<Option target="ReleaseServer" />
			<Option target="DebugMainInd" />
			<Option target="DebugMainAna" />
			<Option target="DebugServer" />
			<Option target="ReleaseEusipco" />
			<Option target="DebugEusipco" />
			<Option target="ReleaseDistIndexing" />
			<Option target="DebugDistIndexing" />
		</Unit>
		<Unit filename="analyser/sources/SingleImageSource.h">
			<Option target="ReleaseMainInd" />
			<Option target="ReleaseMainAna" />
			<Option target="ReleaseServer" />
			<Option target="DebugMainInd" />
			<Option target="DebugMainAna" />
			<Option target="DebugServer" />
			<Option target="ReleaseEusipco" />
			<Option target="DebugEusipco" />
			<Option target="ReleaseDistIndexing" />
			<Option target="DebugDistIndexing" />
		</Unit>
		<Unit filename="analyser/sources/TextFileSource.cpp">
			<Option target="ReleaseMainInd" />
			<Option target="ReleaseMainAna" />
			<Option target="ReleaseServer" />
			<Option target="DebugMainInd" />
			<Option target="DebugMainAna" />
			<Option target="DebugServer" />
			<Option target="ReleaseEusipco" />
			<Option target="DebugEusipco" />
			<Option target="ReleaseDistIndexing" />
			<Option target="DebugDistIndexing" />
		</Unit>
		<Unit filename="analyser/sources/TextFileSource.h">
			<Option target="ReleaseMainInd" />
			<Option target="ReleaseMainAna" />
			<Option target="ReleaseServer" />
			<Option target="DebugMainInd" />
			<Option target="DebugMainAna" />
			<Option target="DebugServer" />
			<Option target="ReleaseEusipco" />
			<Option target="DebugEusipco" />
			<Option target="ReleaseDistIndexing" />
			<Option target="DebugDistIndexing" />
		</Unit>
		<Unit filename="analyser/sources/TextFileSourceV2.cpp">
			<Option target="ReleaseMainInd" />
			<Option target="ReleaseMainAna" />
			<Option target="ReleaseServer" />
			<Option target="DebugMainInd" />
			<Option target="DebugMainAna" />
			<Option target="DebugServer" />
			<Option target="ReleaseEusipco" />
			<Option target="DebugEusipco" />
			<Option target="ReleaseDistIndexing" />
			<Option target="DebugDistIndexing" />
		</Unit>
		<Unit filename="analyser/sources/TextFileSourceV2.h">
			<Option target="ReleaseMainInd" />
			<Option target="ReleaseMainAna" />
			<Option target="ReleaseServer" />
			<Option target="DebugMainInd" />
			<Option target="DebugMainAna" />
			<Option target="DebugServer" />
			<Option target="ReleaseEusipco" />
			<Option target="DebugEusipco" />
			<Option target="ReleaseDistIndexing" />
			<Option target="DebugDistIndexing" />
		</Unit>
		<Unit filename="analyser/sources/VideoSource.cpp">
			<Option target="ReleaseMainInd" />
			<Option target="ReleaseMainAna" />
			<Option target="ReleaseServer" />
			<Option target="DebugMainInd" />
			<Option target="DebugMainAna" />
			<Option target="DebugServer" />
			<Option target="ReleaseEusipco" />
			<Option target="DebugEusipco" />
			<Option target="ReleaseDistIndexing" />
			<Option target="DebugDistIndexing" />
		</Unit>
		<Unit filename="analyser/sources/VideoSource.h">
			<Option target="ReleaseMainInd" />
			<Option target="ReleaseMainAna" />
			<Option target="ReleaseServer" />
			<Option target="DebugMainInd" />
			<Option target="DebugMainAna" />
			<Option target="DebugServer" />
			<Option target="ReleaseEusipco" />
			<Option target="DebugEusipco" />
			<Option target="ReleaseDistIndexing" />
			<Option target="DebugDistIndexing" />
		</Unit>
		<Unit filename="analyser/tools/FrameFilter.cpp">
			<Option target="ReleaseMainInd" />
			<Option target="ReleaseMainAna" />
			<Option target="ReleaseServer" />
			<Option target="DebugMainInd" />
			<Option target="DebugMainAna" />
			<Option target="DebugServer" />
			<Option target="ReleaseEusipco" />
			<Option target="DebugEusipco" />
			<Option target="ReleaseDistIndexing" />
			<Option target="DebugDistIndexing" />
		</Unit>
		<Unit filename="analyser/tools/FrameFilter.h">
			<Option target="ReleaseMainInd" />
			<Option target="ReleaseMainAna" />
			<Option target="ReleaseServer" />
			<Option target="DebugMainInd" />
			<Option target="DebugMainAna" />
			<Option target="DebugServer" />
			<Option target="ReleaseEusipco" />
			<Option target="DebugEusipco" />
			<Option target="ReleaseDistIndexing" />
			<Option target="DebugDistIndexing" />
		</Unit>
		<Unit filename="analyser/tools/IBinImporter.h">
			<Option target="ReleaseMainInd" />
			<Option target="ReleaseMainAna" />
			<Option target="ReleaseServer" />
			<Option target="DebugMainInd" />
			<Option target="DebugMainAna" />
			<Option target="DebugServer" />
			<Option target="ReleaseEusipco" />
			<Option target="DebugEusipco" />
			<Option target="ReleaseDistIndexing" />
			<Option target="DebugDistIndexing" />
		</Unit>
		<Unit filename="analyser/tools/IlluminationCorrectionFilter.cpp">
			<Option target="ReleaseMainInd" />
			<Option target="ReleaseMainAna" />
			<Option target="ReleaseServer" />
			<Option target="DebugMainInd" />
			<Option target="DebugMainAna" />
			<Option target="DebugServer" />
			<Option target="ReleaseEusipco" />
			<Option target="DebugEusipco" />
			<Option target="ReleaseDistIndexing" />
			<Option target="DebugDistIndexing" />
		</Unit>
		<Unit filename="analyser/tools/IlluminationCorrectionFilter.h">
			<Option target="ReleaseMainInd" />
			<Option target="ReleaseMainAna" />
			<Option target="ReleaseServer" />
			<Option target="DebugMainInd" />
			<Option target="DebugMainAna" />
			<Option target="DebugServer" />
			<Option target="ReleaseEusipco" />
			<Option target="DebugEusipco" />
			<Option target="ReleaseDistIndexing" />
			<Option target="DebugDistIndexing" />
		</Unit>
		<Unit filename="analyser/tools/ImageFilter.h">
			<Option target="ReleaseMainInd" />
			<Option target="ReleaseMainAna" />
			<Option target="ReleaseServer" />
			<Option target="DebugMainInd" />
			<Option target="DebugMainAna" />
			<Option target="DebugServer" />
			<Option target="ReleaseEusipco" />
			<Option target="DebugEusipco" />
			<Option target="ReleaseDistIndexing" />
			<Option target="DebugDistIndexing" />
		</Unit>
		<Unit filename="analyser/tools/ImageSegmentator.cpp">
			<Option target="ReleaseMainInd" />
			<Option target="ReleaseMainAna" />
			<Option target="ReleaseServer" />
			<Option target="DebugMainInd" />
			<Option target="DebugMainAna" />
			<Option target="DebugServer" />
			<Option target="ReleaseEusipco" />
			<Option target="DebugEusipco" />
			<Option target="ReleaseDistIndexing" />
			<Option target="DebugDistIndexing" />
		</Unit>
		<Unit filename="analyser/tools/ImageSegmentator.h">
			<Option target="ReleaseMainInd" />
			<Option target="ReleaseMainAna" />
			<Option target="ReleaseServer" />
			<Option target="DebugMainInd" />
			<Option target="DebugMainAna" />
			<Option target="DebugServer" />
			<Option target="ReleaseEusipco" />
			<Option target="DebugEusipco" />
			<Option target="ReleaseDistIndexing" />
			<Option target="DebugDistIndexing" />
		</Unit>
		<Unit filename="analyser/tools/MIRFlickrImporter.cpp">
			<Option target="ReleaseMainInd" />
			<Option target="ReleaseMainAna" />
			<Option target="ReleaseServer" />
			<Option target="DebugMainInd" />
			<Option target="DebugMainAna" />
			<Option target="DebugServer" />
			<Option target="ReleaseEusipco" />
			<Option target="DebugEusipco" />
			<Option target="ReleaseDistIndexing" />
			<Option target="DebugDistIndexing" />
		</Unit>
		<Unit filename="analyser/tools/MIRFlickrImporter.h">
			<Option target="ReleaseMainInd" />
			<Option target="ReleaseMainAna" />
			<Option target="ReleaseServer" />
			<Option target="DebugMainInd" />
			<Option target="DebugMainAna" />
			<Option target="DebugServer" />
			<Option target="ReleaseEusipco" />
			<Option target="DebugEusipco" />
			<Option target="ReleaseDistIndexing" />
			<Option target="DebugDistIndexing" />
		</Unit>
		<Unit filename="analyser/tools/MainShotDetection.cpp">
			<Option target="MainShotDetectionMulti" />
			<Option target="MainShotDetectionSingle" />
		</Unit>
		<Unit filename="analyser/tools/MatrixTools.cpp">
			<Option target="ReleaseMainInd" />
			<Option target="ReleaseMainAna" />
			<Option target="ReleaseServer" />
			<Option target="DebugMainInd" />
			<Option target="DebugMainAna" />
			<Option target="DebugServer" />
			<Option target="ReleaseEusipco" />
			<Option target="DebugEusipco" />
			<Option target="ReleaseDistIndexing" />
			<Option target="DebugDistIndexing" />
		</Unit>
		<Unit filename="analyser/tools/MatrixTools.h">
			<Option target="ReleaseMainInd" />
			<Option target="ReleaseMainAna" />
			<Option target="ReleaseServer" />
			<Option target="DebugMainInd" />
			<Option target="DebugMainAna" />
			<Option target="DebugServer" />
			<Option target="ReleaseEusipco" />
			<Option target="DebugEusipco" />
			<Option target="ReleaseDistIndexing" />
			<Option target="DebugDistIndexing" />
		</Unit>
		<Unit filename="analyser/tools/ShotDetector.cpp" />
		<Unit filename="analyser/tools/ShotDetector.h" />
		<Unit filename="analyser/tools/TestFunctions.cpp">
			<Option target="ReleaseMainInd" />
			<Option target="ReleaseMainAna" />
			<Option target="ReleaseServer" />
			<Option target="DebugMainInd" />
			<Option target="DebugMainAna" />
			<Option target="DebugServer" />
			<Option target="ReleaseEusipco" />
			<Option target="DebugEusipco" />
			<Option target="ReleaseDistIndexing" />
			<Option target="DebugDistIndexing" />
		</Unit>
		<Unit filename="analyser/tools/TrainTestFeaturesTools.cpp">
			<Option target="ReleaseMainInd" />
			<Option target="ReleaseMainAna" />
			<Option target="ReleaseServer" />
			<Option target="DebugMainInd" />
			<Option target="DebugMainAna" />
			<Option target="DebugServer" />
			<Option target="ReleaseEusipco" />
			<Option target="DebugEusipco" />
			<Option target="ReleaseDistIndexing" />
			<Option target="DebugDistIndexing" />
		</Unit>
		<Unit filename="analyser/tools/TrainTestFeaturesTools.h">
			<Option target="ReleaseMainInd" />
			<Option target="ReleaseMainAna" />
			<Option target="ReleaseServer" />
			<Option target="DebugMainInd" />
			<Option target="DebugMainAna" />
			<Option target="DebugServer" />
			<Option target="ReleaseEusipco" />
			<Option target="DebugEusipco" />
			<Option target="ReleaseDistIndexing" />
			<Option target="DebugDistIndexing" />
		</Unit>
		<Unit filename="analyser/tools/oneBillionImporter.cpp">
			<Option target="ReleaseMainInd" />
			<Option target="ReleaseMainAna" />
			<Option target="ReleaseServer" />
			<Option target="DebugMainInd" />
			<Option target="DebugMainAna" />
			<Option target="DebugServer" />
			<Option target="ReleaseEusipco" />
			<Option target="DebugEusipco" />
			<Option target="ReleaseDistIndexing" />
			<Option target="DebugDistIndexing" />
		</Unit>
		<Unit filename="analyser/tools/oneBillionImporter.h">
			<Option target="ReleaseMainInd" />
			<Option target="ReleaseMainAna" />
			<Option target="ReleaseServer" />
			<Option target="DebugMainInd" />
			<Option target="DebugMainAna" />
			<Option target="DebugServer" />
			<Option target="ReleaseEusipco" />
			<Option target="DebugEusipco" />
			<Option target="ReleaseDistIndexing" />
			<Option target="DebugDistIndexing" />
		</Unit>
		<Unit filename="analyser/tools/oneBillionImporterB.cpp" />
		<Unit filename="analyser/tools/oneBillionImporterB.h" />
		<Unit filename="analyser/tools/tinyImageImporter.cpp">
			<Option target="ReleaseMainInd" />
			<Option target="ReleaseMainAna" />
			<Option target="ReleaseServer" />
			<Option target="DebugMainInd" />
			<Option target="DebugMainAna" />
			<Option target="DebugServer" />
			<Option target="ReleaseEusipco" />
			<Option target="DebugEusipco" />
			<Option target="ReleaseDistIndexing" />
			<Option target="DebugDistIndexing" />
		</Unit>
		<Unit filename="analyser/tools/tinyImageImporter.h">
			<Option target="ReleaseMainInd" />
			<Option target="ReleaseMainAna" />
			<Option target="ReleaseServer" />
			<Option target="DebugMainInd" />
			<Option target="DebugMainAna" />
			<Option target="DebugServer" />
			<Option target="ReleaseEusipco" />
			<Option target="DebugEusipco" />
			<Option target="ReleaseDistIndexing" />
			<Option target="DebugDistIndexing" />
		</Unit>
		<Unit filename="appData/GameImage.cpp">
			<Option target="ReleaseMainInd" />
			<Option target="ReleaseMainAna" />
			<Option target="ReleaseServer" />
			<Option target="DebugMainInd" />
			<Option target="DebugMainAna" />
			<Option target="DebugServer" />
			<Option target="ReleaseEusipco" />
			<Option target="DebugEusipco" />
			<Option target="ReleaseDistIndexing" />
			<Option target="DebugDistIndexing" />
		</Unit>
		<Unit filename="appData/GameImage.h">
			<Option target="ReleaseMainInd" />
			<Option target="ReleaseMainAna" />
			<Option target="ReleaseServer" />
			<Option target="DebugMainInd" />
			<Option target="DebugMainAna" />
			<Option target="DebugServer" />
			<Option target="ReleaseEusipco" />
			<Option target="DebugEusipco" />
			<Option target="ReleaseDistIndexing" />
			<Option target="DebugDistIndexing" />
		</Unit>
		<Unit filename="commons/AppConfig.cpp">
			<Option target="ReleaseMainInd" />
			<Option target="ReleaseMainAna" />
			<Option target="ReleaseServer" />
			<Option target="DebugMainInd" />
			<Option target="DebugMainAna" />
			<Option target="DebugServer" />
			<Option target="ReleaseEusipco" />
			<Option target="DebugEusipco" />
			<Option target="ReleaseDistIndexing" />
			<Option target="DebugDistIndexing" />
		</Unit>
		<Unit filename="commons/AppConfig.h">
			<Option target="ReleaseMainInd" />
			<Option target="ReleaseMainAna" />
			<Option target="ReleaseServer" />
			<Option target="DebugMainInd" />
			<Option target="DebugMainAna" />
			<Option target="DebugServer" />
			<Option target="ReleaseEusipco" />
			<Option target="DebugEusipco" />
			<Option target="ReleaseDistIndexing" />
			<Option target="DebugDistIndexing" />
		</Unit>
		<Unit filename="commons/FileDownloader.cpp">
			<Option target="ReleaseMainInd" />
			<Option target="ReleaseMainAna" />
			<Option target="ReleaseServer" />
			<Option target="DebugMainInd" />
			<Option target="DebugMainAna" />
			<Option target="DebugServer" />
			<Option target="ReleaseEusipco" />
			<Option target="DebugEusipco" />
			<Option target="ReleaseDistIndexing" />
			<Option target="DebugDistIndexing" />
		</Unit>
		<Unit filename="commons/FileDownloader.h">
			<Option target="ReleaseMainInd" />
			<Option target="ReleaseMainAna" />
			<Option target="ReleaseServer" />
			<Option target="DebugMainInd" />
			<Option target="DebugMainAna" />
			<Option target="DebugServer" />
			<Option target="ReleaseEusipco" />
			<Option target="DebugEusipco" />
			<Option target="ReleaseDistIndexing" />
			<Option target="DebugDistIndexing" />
		</Unit>
		<Unit filename="commons/LoadConfig.cpp">
			<Option target="ReleaseMainInd" />
			<Option target="ReleaseMainAna" />
			<Option target="ReleaseServer" />
			<Option target="DebugMainInd" />
			<Option target="DebugMainAna" />
			<Option target="DebugServer" />
			<Option target="ReleaseEusipco" />
			<Option target="DebugEusipco" />
			<Option target="ReleaseDistIndexing" />
			<Option target="DebugDistIndexing" />
		</Unit>
		<Unit filename="commons/LoadConfig.h">
			<Option target="ReleaseMainInd" />
			<Option target="ReleaseMainAna" />
			<Option target="ReleaseServer" />
			<Option target="DebugMainInd" />
			<Option target="DebugMainAna" />
			<Option target="DebugServer" />
			<Option target="ReleaseEusipco" />
			<Option target="DebugEusipco" />
			<Option target="ReleaseDistIndexing" />
			<Option target="DebugDistIndexing" />
		</Unit>
		<Unit filename="commons/StringTools.cpp">
			<Option target="ReleaseMainInd" />
			<Option target="ReleaseMainAna" />
			<Option target="ReleaseServer" />
			<Option target="DebugMainInd" />
			<Option target="DebugMainAna" />
			<Option target="DebugServer" />
			<Option target="ReleaseEusipco" />
			<Option target="DebugEusipco" />
			<Option target="ReleaseDistIndexing" />
			<Option target="DebugDistIndexing" />
		</Unit>
		<Unit filename="commons/StringTools.h">
			<Option target="ReleaseMainInd" />
			<Option target="ReleaseMainAna" />
			<Option target="ReleaseServer" />
			<Option target="DebugMainInd" />
			<Option target="DebugMainAna" />
			<Option target="DebugServer" />
			<Option target="ReleaseEusipco" />
			<Option target="DebugEusipco" />
			<Option target="ReleaseDistIndexing" />
			<Option target="DebugDistIndexing" />
		</Unit>
		<Unit filename="commons/Timing.h">
			<Option target="ReleaseMainInd" />
			<Option target="ReleaseMainAna" />
			<Option target="ReleaseServer" />
			<Option target="DebugMainInd" />
			<Option target="DebugMainAna" />
			<Option target="DebugServer" />
			<Option target="ReleaseEusipco" />
			<Option target="DebugEusipco" />
			<Option target="ReleaseDistIndexing" />
			<Option target="DebugDistIndexing" />
		</Unit>
		<Unit filename="commons/factory/Factory.cpp">
			<Option target="ReleaseMainInd" />
			<Option target="ReleaseMainAna" />
			<Option target="ReleaseServer" />
			<Option target="DebugMainInd" />
			<Option target="DebugMainAna" />
			<Option target="DebugServer" />
			<Option target="ReleaseEusipco" />
			<Option target="DebugEusipco" />
			<Option target="ReleaseDistIndexing" />
			<Option target="DebugDistIndexing" />
		</Unit>
		<Unit filename="commons/factory/Factory.h">
			<Option target="ReleaseMainInd" />
			<Option target="ReleaseMainAna" />
			<Option target="ReleaseServer" />
			<Option target="DebugMainInd" />
			<Option target="DebugMainAna" />
			<Option target="DebugServer" />
			<Option target="ReleaseEusipco" />
			<Option target="DebugEusipco" />
			<Option target="ReleaseDistIndexing" />
			<Option target="DebugDistIndexing" />
		</Unit>
		<Unit filename="dataModel/DataModelController.cpp">
			<Option target="ReleaseMainInd" />
			<Option target="ReleaseMainAna" />
			<Option target="ReleaseServer" />
			<Option target="DebugMainInd" />
			<Option target="DebugMainAna" />
			<Option target="DebugServer" />
			<Option target="ReleaseEusipco" />
			<Option target="DebugEusipco" />
			<Option target="ReleaseDistIndexing" />
			<Option target="DebugDistIndexing" />
		</Unit>
		<Unit filename="dataModel/DataModelController.h">
			<Option target="ReleaseMainInd" />
			<Option target="ReleaseMainAna" />
			<Option target="ReleaseServer" />
			<Option target="DebugMainInd" />
			<Option target="DebugMainAna" />
			<Option target="DebugServer" />
			<Option target="ReleaseEusipco" />
			<Option target="DebugEusipco" />
			<Option target="ReleaseDistIndexing" />
			<Option target="DebugDistIndexing" />
		</Unit>
		<Unit filename="dataModel/DatabaseConnection.cpp">
			<Option target="ReleaseMainInd" />
			<Option target="ReleaseMainAna" />
			<Option target="ReleaseServer" />
			<Option target="DebugMainInd" />
			<Option target="DebugMainAna" />
			<Option target="DebugServer" />
			<Option target="ReleaseEusipco" />
			<Option target="DebugEusipco" />
			<Option target="ReleaseDistIndexing" />
			<Option target="DebugDistIndexing" />
		</Unit>
		<Unit filename="dataModel/DatabaseConnection.h">
			<Option target="ReleaseMainInd" />
			<Option target="ReleaseMainAna" />
			<Option target="ReleaseServer" />
			<Option target="DebugMainInd" />
			<Option target="DebugMainAna" />
			<Option target="DebugServer" />
			<Option target="ReleaseEusipco" />
			<Option target="DebugEusipco" />
			<Option target="ReleaseDistIndexing" />
			<Option target="DebugDistIndexing" />
		</Unit>
		<Unit filename="dataModel/IDataModel.h">
			<Option target="ReleaseMainInd" />
			<Option target="ReleaseMainAna" />
			<Option target="ReleaseServer" />
			<Option target="DebugMainInd" />
			<Option target="DebugMainAna" />
			<Option target="DebugServer" />
			<Option target="ReleaseEusipco" />
			<Option target="DebugEusipco" />
			<Option target="ReleaseDistIndexing" />
			<Option target="DebugDistIndexing" />
		</Unit>
		<Unit filename="dataModel/NKeypoint.cpp">
			<Option target="ReleaseMainInd" />
			<Option target="ReleaseMainAna" />
			<Option target="ReleaseServer" />
			<Option target="DebugMainInd" />
			<Option target="DebugMainAna" />
			<Option target="DebugServer" />
			<Option target="ReleaseEusipco" />
			<Option target="DebugEusipco" />
			<Option target="ReleaseDistIndexing" />
			<Option target="DebugDistIndexing" />
		</Unit>
		<Unit filename="dataModel/NKeypoint.h">
			<Option target="ReleaseMainInd" />
			<Option target="ReleaseMainAna" />
			<Option target="ReleaseServer" />
			<Option target="DebugMainInd" />
			<Option target="DebugMainAna" />
			<Option target="DebugServer" />
			<Option target="ReleaseEusipco" />
			<Option target="DebugEusipco" />
			<Option target="ReleaseDistIndexing" />
			<Option target="DebugDistIndexing" />
		</Unit>
		<Unit filename="dataModel/NRoi.cpp">
			<Option target="ReleaseMainInd" />
			<Option target="ReleaseMainAna" />
			<Option target="ReleaseServer" />
			<Option target="DebugMainInd" />
			<Option target="DebugMainAna" />
			<Option target="DebugServer" />
			<Option target="ReleaseEusipco" />
			<Option target="DebugEusipco" />
			<Option target="ReleaseDistIndexing" />
			<Option target="DebugDistIndexing" />
		</Unit>
		<Unit filename="dataModel/NRoi.h">
			<Option target="ReleaseMainInd" />
			<Option target="ReleaseMainAna" />
			<Option target="ReleaseServer" />
			<Option target="DebugMainInd" />
			<Option target="DebugMainAna" />
			<Option target="DebugServer" />
			<Option target="ReleaseEusipco" />
			<Option target="DebugEusipco" />
			<Option target="ReleaseDistIndexing" />
			<Option target="DebugDistIndexing" />
		</Unit>
		<Unit filename="dataModel/NTag.cpp">
			<Option target="ReleaseMainInd" />
			<Option target="ReleaseMainAna" />
			<Option target="ReleaseServer" />
			<Option target="DebugMainInd" />
			<Option target="DebugMainAna" />
			<Option target="DebugServer" />
			<Option target="ReleaseEusipco" />
			<Option target="DebugEusipco" />
			<Option target="ReleaseDistIndexing" />
			<Option target="DebugDistIndexing" />
		</Unit>
		<Unit filename="dataModel/NTag.h">
			<Option target="ReleaseMainInd" />
			<Option target="ReleaseMainAna" />
			<Option target="ReleaseServer" />
			<Option target="DebugMainInd" />
			<Option target="DebugMainAna" />
			<Option target="DebugServer" />
			<Option target="ReleaseEusipco" />
			<Option target="DebugEusipco" />
			<Option target="ReleaseDistIndexing" />
			<Option target="DebugDistIndexing" />
		</Unit>
		<Unit filename="dataModel/NVector.cpp">
			<Option target="ReleaseMainInd" />
			<Option target="ReleaseMainAna" />
			<Option target="ReleaseServer" />
			<Option target="DebugMainInd" />
			<Option target="DebugMainAna" />
			<Option target="DebugServer" />
			<Option target="ReleaseEusipco" />
			<Option target="DebugEusipco" />
			<Option target="ReleaseDistIndexing" />
			<Option target="DebugDistIndexing" />
		</Unit>
		<Unit filename="dataModel/NVector.h">
			<Option target="ReleaseMainInd" />
			<Option target="ReleaseMainAna" />
			<Option target="ReleaseServer" />
			<Option target="DebugMainInd" />
			<Option target="DebugMainAna" />
			<Option target="DebugServer" />
			<Option target="ReleaseEusipco" />
			<Option target="DebugEusipco" />
			<Option target="ReleaseDistIndexing" />
			<Option target="DebugDistIndexing" />
		</Unit>
		<Unit filename="indexer/DistributedIndexWrapperClient.cpp">
			<Option target="&lt;{~None~}&gt;" />
		</Unit>
		<Unit filename="indexer/DistributedIndexWrapperClient.h">
			<Option target="MainShotDetectionMulti" />
			<Option target="MainShotDetectionSingle" />
		</Unit>
		<Unit filename="indexer/DistributedIndexWrapperClientDist.cpp">
			<Option target="ReleaseMainInd" />
			<Option target="ReleaseMainAna" />
			<Option target="ReleaseServer" />
			<Option target="DebugMainInd" />
			<Option target="DebugServer" />
			<Option target="ReleaseEusipco" />
			<Option target="DebugEusipco" />
			<Option target="DebugMainAna" />
			<Option target="ReleaseDistIndexing" />
			<Option target="DebugDistIndexing" />
		</Unit>
		<Unit filename="indexer/DistributedIndexWrapperClientDist.h" />
		<Unit filename="indexer/DistributedIndexWrapperServer.cpp">
			<Option target="ReleaseMainInd" />
			<Option target="ReleaseMainAna" />
			<Option target="ReleaseServer" />
			<Option target="DebugMainInd" />
			<Option target="DebugMainAna" />
			<Option target="DebugServer" />
			<Option target="ReleaseEusipco" />
			<Option target="DebugEusipco" />
			<Option target="ReleaseDistIndexing" />
			<Option target="DebugDistIndexing" />
		</Unit>
		<Unit filename="indexer/DistributedIndexWrapperServer.h" />
		<Unit filename="indexer/FactoryIndexer.cpp">
			<Option target="ReleaseMainInd" />
			<Option target="ReleaseMainAna" />
			<Option target="ReleaseServer" />
			<Option target="DebugMainInd" />
			<Option target="DebugMainAna" />
			<Option target="DebugServer" />
			<Option target="ReleaseEusipco" />
			<Option target="DebugEusipco" />
			<Option target="ReleaseDistIndexing" />
			<Option target="DebugDistIndexing" />
		</Unit>
		<Unit filename="indexer/FactoryIndexer.h">
			<Option target="ReleaseMainInd" />
			<Option target="ReleaseMainAna" />
			<Option target="ReleaseServer" />
			<Option target="DebugMainInd" />
			<Option target="DebugMainAna" />
			<Option target="DebugServer" />
			<Option target="ReleaseEusipco" />
			<Option target="DebugEusipco" />
			<Option target="ReleaseDistIndexing" />
			<Option target="DebugDistIndexing" />
		</Unit>
		<Unit filename="indexer/FlannkNNIndexer.cpp">
			<Option target="ReleaseMainInd" />
			<Option target="ReleaseMainAna" />
			<Option target="ReleaseServer" />
			<Option target="DebugMainInd" />
			<Option target="DebugMainAna" />
			<Option target="DebugServer" />
			<Option target="ReleaseEusipco" />
			<Option target="DebugEusipco" />
			<Option target="ReleaseDistIndexing" />
			<Option target="DebugDistIndexing" />
		</Unit>
		<Unit filename="indexer/FlannkNNIndexer.h">
			<Option target="ReleaseMainInd" />
			<Option target="ReleaseMainAna" />
			<Option target="ReleaseServer" />
			<Option target="DebugMainInd" />
			<Option target="DebugMainAna" />
			<Option target="DebugServer" />
			<Option target="ReleaseEusipco" />
			<Option target="DebugEusipco" />
			<Option target="ReleaseDistIndexing" />
			<Option target="DebugDistIndexing" />
		</Unit>
		<Unit filename="indexer/IIndexer.h">
			<Option target="ReleaseMainInd" />
			<Option target="ReleaseMainAna" />
			<Option target="ReleaseServer" />
			<Option target="DebugMainInd" />
			<Option target="DebugMainAna" />
			<Option target="DebugServer" />
			<Option target="ReleaseEusipco" />
			<Option target="DebugEusipco" />
			<Option target="ReleaseDistIndexing" />
			<Option target="DebugDistIndexing" />
		</Unit>
		<Unit filename="indexer/LSHIndexer.cpp">
			<Option target="ReleaseMainInd" />
			<Option target="ReleaseMainAna" />
			<Option target="ReleaseServer" />
			<Option target="DebugMainInd" />
			<Option target="DebugMainAna" />
			<Option target="DebugServer" />
			<Option target="ReleaseEusipco" />
			<Option target="DebugEusipco" />
			<Option target="ReleaseDistIndexing" />
			<Option target="DebugDistIndexing" />
		</Unit>
		<Unit filename="indexer/LSHIndexer.h">
			<Option target="ReleaseMainInd" />
			<Option target="ReleaseMainAna" />
			<Option target="ReleaseServer" />
			<Option target="DebugMainInd" />
			<Option target="DebugMainAna" />
			<Option target="DebugServer" />
			<Option target="ReleaseEusipco" />
			<Option target="DebugEusipco" />
			<Option target="ReleaseDistIndexing" />
			<Option target="DebugDistIndexing" />
		</Unit>
		<Unit filename="indexer/MSIDXIndexer.cpp">
			<Option target="ReleaseMainInd" />
			<Option target="ReleaseMainAna" />
			<Option target="ReleaseServer" />
			<Option target="DebugMainInd" />
			<Option target="DebugMainAna" />
			<Option target="DebugServer" />
			<Option target="ReleaseEusipco" />
			<Option target="DebugEusipco" />
			<Option target="ReleaseDistIndexing" />
			<Option target="DebugDistIndexing" />
		</Unit>
		<Unit filename="indexer/MSIDXIndexer.h">
			<Option target="ReleaseMainInd" />
			<Option target="ReleaseMainAna" />
			<Option target="ReleaseServer" />
			<Option target="DebugMainInd" />
			<Option target="DebugMainAna" />
			<Option target="DebugServer" />
			<Option target="ReleaseEusipco" />
			<Option target="DebugEusipco" />
			<Option target="ReleaseDistIndexing" />
			<Option target="DebugDistIndexing" />
		</Unit>
		<Unit filename="indexer/SRIndexer.cpp">
			<Option target="ReleaseMainInd" />
			<Option target="ReleaseMainAna" />
			<Option target="ReleaseServer" />
			<Option target="DebugMainInd" />
			<Option target="DebugMainAna" />
			<Option target="DebugServer" />
			<Option target="ReleaseEusipco" />
			<Option target="DebugEusipco" />
			<Option target="ReleaseDistIndexing" />
			<Option target="DebugDistIndexing" />
		</Unit>
		<Unit filename="indexer/SRIndexer.h">
			<Option target="ReleaseMainInd" />
			<Option target="ReleaseMainAna" />
			<Option target="ReleaseServer" />
			<Option target="DebugMainInd" />
			<Option target="DebugMainAna" />
			<Option target="DebugServer" />
			<Option target="ReleaseEusipco" />
			<Option target="DebugEusipco" />
			<Option target="ReleaseDistIndexing" />
			<Option target="DebugDistIndexing" />
		</Unit>
		<Unit filename="indexer/SRIndexerClient.cpp">
			<Option target="&lt;{~None~}&gt;" />
		</Unit>
		<Unit filename="indexer/SRIndexerClient.h">
			<Option target="&lt;{~None~}&gt;" />
		</Unit>
		<Unit filename="indexer/SphericalHashIndexer.cpp">
			<Option target="ReleaseMainInd" />
			<Option target="ReleaseMainAna" />
			<Option target="ReleaseServer" />
			<Option target="DebugMainInd" />
			<Option target="DebugMainAna" />
			<Option target="DebugServer" />
			<Option target="ReleaseEusipco" />
			<Option target="DebugEusipco" />
			<Option target="ReleaseDistIndexing" />
			<Option target="DebugDistIndexing" />
		</Unit>
		<Unit filename="indexer/SphericalHashIndexer.h">
			<Option target="ReleaseMainInd" />
			<Option target="ReleaseMainAna" />
			<Option target="ReleaseServer" />
			<Option target="DebugMainInd" />
			<Option target="DebugMainAna" />
			<Option target="DebugServer" />
			<Option target="ReleaseEusipco" />
			<Option target="DebugEusipco" />
			<Option target="ReleaseDistIndexing" />
			<Option target="DebugDistIndexing" />
		</Unit>
		<Unit filename="indexer/distributed/SRMaster.cpp">
			<Option target="ReleaseDistIndexing" />
			<Option target="DebugDistIndexing" />
		</Unit>
		<Unit filename="indexer/distributed/SRMaster.h">
			<Option target="ReleaseDistIndexing" />
			<Option target="DebugDistIndexing" />
		</Unit>
		<Unit filename="indexer/distributed/SRProcessor.cpp">
			<Option target="ReleaseDistIndexing" />
			<Option target="DebugDistIndexing" />
		</Unit>
		<Unit filename="indexer/distributed/SRProcessor.h">
			<Option target="ReleaseDistIndexing" />
			<Option target="DebugDistIndexing" />
		</Unit>
		<Unit filename="indexer/distributed/SRStrucs.h">
			<Option target="ReleaseDistIndexing" />
			<Option target="DebugDistIndexing" />
		</Unit>
		<Unit filename="indexer/e2lsh/BasicDefinitions.h">
			<Option target="ReleaseMainInd" />
			<Option target="ReleaseMainAna" />
			<Option target="ReleaseServer" />
			<Option target="DebugMainInd" />
			<Option target="DebugMainAna" />
			<Option target="DebugServer" />
			<Option target="ReleaseEusipco" />
			<Option target="DebugEusipco" />
			<Option target="ReleaseDistIndexing" />
			<Option target="DebugDistIndexing" />
		</Unit>
		<Unit filename="indexer/e2lsh/BucketHashing.cpp">
			<Option target="ReleaseMainInd" />
			<Option target="ReleaseMainAna" />
			<Option target="ReleaseServer" />
			<Option target="DebugMainInd" />
			<Option target="DebugMainAna" />
			<Option target="DebugServer" />
			<Option target="ReleaseEusipco" />
			<Option target="DebugEusipco" />
			<Option target="ReleaseDistIndexing" />
			<Option target="DebugDistIndexing" />
		</Unit>
		<Unit filename="indexer/e2lsh/BucketHashing.h">
			<Option target="ReleaseMainInd" />
			<Option target="ReleaseMainAna" />
			<Option target="ReleaseServer" />
			<Option target="DebugMainInd" />
			<Option target="DebugMainAna" />
			<Option target="DebugServer" />
			<Option target="ReleaseEusipco" />
			<Option target="DebugEusipco" />
			<Option target="ReleaseDistIndexing" />
			<Option target="DebugDistIndexing" />
		</Unit>
		<Unit filename="indexer/e2lsh/Geometry.cpp">
			<Option target="ReleaseMainInd" />
			<Option target="ReleaseMainAna" />
			<Option target="ReleaseServer" />
			<Option target="DebugMainInd" />
			<Option target="DebugMainAna" />
			<Option target="DebugServer" />
			<Option target="ReleaseEusipco" />
			<Option target="DebugEusipco" />
			<Option target="ReleaseDistIndexing" />
			<Option target="DebugDistIndexing" />
		</Unit>
		<Unit filename="indexer/e2lsh/Geometry.h">
			<Option target="ReleaseMainInd" />
			<Option target="ReleaseMainAna" />
			<Option target="ReleaseServer" />
			<Option target="DebugMainInd" />
			<Option target="DebugMainAna" />
			<Option target="DebugServer" />
			<Option target="ReleaseEusipco" />
			<Option target="DebugEusipco" />
			<Option target="ReleaseDistIndexing" />
			<Option target="DebugDistIndexing" />
		</Unit>
		<Unit filename="indexer/e2lsh/GlobalVars.cpp">
			<Option target="ReleaseMainInd" />
			<Option target="ReleaseMainAna" />
			<Option target="ReleaseServer" />
			<Option target="DebugMainInd" />
			<Option target="DebugMainAna" />
			<Option target="DebugServer" />
			<Option target="ReleaseEusipco" />
			<Option target="DebugEusipco" />
			<Option target="ReleaseDistIndexing" />
			<Option target="DebugDistIndexing" />
		</Unit>
		<Unit filename="indexer/e2lsh/GlobalVars.h">
			<Option target="ReleaseMainInd" />
			<Option target="ReleaseMainAna" />
			<Option target="ReleaseServer" />
			<Option target="DebugMainInd" />
			<Option target="DebugMainAna" />
			<Option target="DebugServer" />
			<Option target="ReleaseEusipco" />
			<Option target="DebugEusipco" />
			<Option target="ReleaseDistIndexing" />
			<Option target="DebugDistIndexing" />
		</Unit>
		<Unit filename="indexer/e2lsh/LSHMain.cpp">
			<Option target="ReleaseMainInd" />
			<Option target="ReleaseMainAna" />
			<Option target="ReleaseServer" />
			<Option target="DebugMainInd" />
			<Option target="DebugMainAna" />
			<Option target="DebugServer" />
			<Option target="ReleaseEusipco" />
			<Option target="DebugEusipco" />
			<Option target="ReleaseDistIndexing" />
			<Option target="DebugDistIndexing" />
		</Unit>
		<Unit filename="indexer/e2lsh/LocalitySensitiveHashing.cpp">
			<Option target="ReleaseMainInd" />
			<Option target="ReleaseMainAna" />
			<Option target="ReleaseServer" />
			<Option target="DebugMainInd" />
			<Option target="DebugMainAna" />
			<Option target="DebugServer" />
			<Option target="ReleaseEusipco" />
			<Option target="DebugEusipco" />
			<Option target="ReleaseDistIndexing" />
			<Option target="DebugDistIndexing" />
		</Unit>
		<Unit filename="indexer/e2lsh/LocalitySensitiveHashing.h">
			<Option target="ReleaseMainInd" />
			<Option target="ReleaseMainAna" />
			<Option target="ReleaseServer" />
			<Option target="DebugMainInd" />
			<Option target="DebugMainAna" />
			<Option target="DebugServer" />
			<Option target="ReleaseEusipco" />
			<Option target="DebugEusipco" />
			<Option target="ReleaseDistIndexing" />
			<Option target="DebugDistIndexing" />
		</Unit>
		<Unit filename="indexer/e2lsh/NearNeighbors.cpp">
			<Option target="ReleaseMainInd" />
			<Option target="ReleaseMainAna" />
			<Option target="ReleaseServer" />
			<Option target="DebugMainInd" />
			<Option target="DebugMainAna" />
			<Option target="DebugServer" />
			<Option target="ReleaseEusipco" />
			<Option target="DebugEusipco" />
			<Option target="ReleaseDistIndexing" />
			<Option target="DebugDistIndexing" />
		</Unit>
		<Unit filename="indexer/e2lsh/NearNeighbors.h">
			<Option target="ReleaseMainInd" />
			<Option target="ReleaseMainAna" />
			<Option target="ReleaseServer" />
			<Option target="DebugMainInd" />
			<Option target="DebugMainAna" />
			<Option target="DebugServer" />
			<Option target="ReleaseEusipco" />
			<Option target="DebugEusipco" />
			<Option target="ReleaseDistIndexing" />
			<Option target="DebugDistIndexing" />
		</Unit>
		<Unit filename="indexer/e2lsh/Random.cpp">
			<Option target="ReleaseMainInd" />
			<Option target="ReleaseMainAna" />
			<Option target="ReleaseServer" />
			<Option target="DebugMainInd" />
			<Option target="DebugMainAna" />
			<Option target="DebugServer" />
			<Option target="ReleaseEusipco" />
			<Option target="DebugEusipco" />
			<Option target="ReleaseDistIndexing" />
			<Option target="DebugDistIndexing" />
		</Unit>
		<Unit filename="indexer/e2lsh/Random.h">
			<Option target="ReleaseMainInd" />
			<Option target="ReleaseMainAna" />
			<Option target="ReleaseServer" />
			<Option target="DebugMainInd" />
			<Option target="DebugMainAna" />
			<Option target="DebugServer" />
			<Option target="ReleaseEusipco" />
			<Option target="DebugEusipco" />
			<Option target="ReleaseDistIndexing" />
			<Option target="DebugDistIndexing" />
		</Unit>
		<Unit filename="indexer/e2lsh/SelfTuning.cpp">
			<Option target="ReleaseMainInd" />
			<Option target="ReleaseMainAna" />
			<Option target="ReleaseServer" />
			<Option target="DebugMainInd" />
			<Option target="DebugMainAna" />
			<Option target="DebugServer" />
			<Option target="ReleaseEusipco" />
			<Option target="DebugEusipco" />
			<Option target="ReleaseDistIndexing" />
			<Option target="DebugDistIndexing" />
		</Unit>
		<Unit filename="indexer/e2lsh/SelfTuning.h">
			<Option target="ReleaseMainInd" />
			<Option target="ReleaseMainAna" />
			<Option target="ReleaseServer" />
			<Option target="DebugMainInd" />
			<Option target="DebugMainAna" />
			<Option target="DebugServer" />
			<Option target="ReleaseEusipco" />
			<Option target="DebugEusipco" />
			<Option target="ReleaseDistIndexing" />
			<Option target="DebugDistIndexing" />
		</Unit>
		<Unit filename="indexer/e2lsh/Util.cpp">
			<Option target="ReleaseMainInd" />
			<Option target="ReleaseMainAna" />
			<Option target="ReleaseServer" />
			<Option target="DebugMainInd" />
			<Option target="DebugMainAna" />
			<Option target="DebugServer" />
			<Option target="ReleaseEusipco" />
			<Option target="DebugEusipco" />
			<Option target="ReleaseDistIndexing" />
			<Option target="DebugDistIndexing" />
		</Unit>
		<Unit filename="indexer/e2lsh/Util.h">
			<Option target="ReleaseMainInd" />
			<Option target="ReleaseMainAna" />
			<Option target="ReleaseServer" />
			<Option target="DebugMainInd" />
			<Option target="DebugMainAna" />
			<Option target="DebugServer" />
			<Option target="ReleaseEusipco" />
			<Option target="DebugEusipco" />
			<Option target="ReleaseDistIndexing" />
			<Option target="DebugDistIndexing" />
		</Unit>
		<Unit filename="indexer/e2lsh/headers.h">
			<Option target="ReleaseMainInd" />
			<Option target="ReleaseMainAna" />
			<Option target="ReleaseServer" />
			<Option target="DebugMainInd" />
			<Option target="DebugMainAna" />
			<Option target="DebugServer" />
			<Option target="ReleaseEusipco" />
			<Option target="DebugEusipco" />
			<Option target="ReleaseDistIndexing" />
			<Option target="DebugDistIndexing" />
		</Unit>
		<Unit filename="indexer/sphericalHashing/BinaryHash.cpp">
			<Option target="ReleaseMainInd" />
			<Option target="ReleaseMainAna" />
			<Option target="ReleaseServer" />
			<Option target="DebugMainInd" />
			<Option target="DebugMainAna" />
			<Option target="DebugServer" />
			<Option target="ReleaseEusipco" />
			<Option target="DebugEusipco" />
			<Option target="ReleaseDistIndexing" />
			<Option target="DebugDistIndexing" />
		</Unit>
		<Unit filename="indexer/sphericalHashing/BinaryHash.h">
			<Option target="ReleaseMainInd" />
			<Option target="ReleaseMainAna" />
			<Option target="ReleaseServer" />
			<Option target="DebugMainInd" />
			<Option target="DebugMainAna" />
			<Option target="DebugServer" />
			<Option target="ReleaseEusipco" />
			<Option target="DebugEusipco" />
			<Option target="ReleaseDistIndexing" />
			<Option target="DebugDistIndexing" />
		</Unit>
		<Unit filename="indexer/sphericalHashing/Common.cpp">
			<Option target="ReleaseMainInd" />
			<Option target="ReleaseMainAna" />
			<Option target="ReleaseServer" />
			<Option target="DebugMainInd" />
			<Option target="DebugMainAna" />
			<Option target="DebugServer" />
			<Option target="ReleaseEusipco" />
			<Option target="DebugEusipco" />
			<Option target="ReleaseDistIndexing" />
			<Option target="DebugDistIndexing" />
		</Unit>
		<Unit filename="indexer/sphericalHashing/Common.h">
			<Option target="ReleaseMainInd" />
			<Option target="ReleaseMainAna" />
			<Option target="ReleaseServer" />
			<Option target="DebugMainInd" />
			<Option target="DebugMainAna" />
			<Option target="DebugServer" />
			<Option target="ReleaseEusipco" />
			<Option target="DebugEusipco" />
			<Option target="ReleaseDistIndexing" />
			<Option target="DebugDistIndexing" />
		</Unit>
		<Unit filename="indexer/sphericalHashing/Evaluation.h">
			<Option target="ReleaseMainInd" />
			<Option target="ReleaseMainAna" />
			<Option target="ReleaseServer" />
			<Option target="DebugMainInd" />
			<Option target="DebugMainAna" />
			<Option target="DebugServer" />
			<Option target="ReleaseEusipco" />
			<Option target="DebugEusipco" />
			<Option target="ReleaseDistIndexing" />
			<Option target="DebugDistIndexing" />
		</Unit>
		<Unit filename="indexer/sphericalHashing/Main.cpp">
			<Option target="ReleaseMainInd" />
			<Option target="ReleaseMainAna" />
			<Option target="ReleaseServer" />
			<Option target="DebugMainInd" />
			<Option target="DebugMainAna" />
			<Option target="DebugServer" />
			<Option target="ReleaseEusipco" />
			<Option target="DebugEusipco" />
			<Option target="ReleaseDistIndexing" />
			<Option target="DebugDistIndexing" />
		</Unit>
		<Unit filename="indexer/sphericalHashing/Parameters.h">
			<Option target="ReleaseMainInd" />
			<Option target="ReleaseMainAna" />
			<Option target="ReleaseServer" />
			<Option target="DebugMainInd" />
			<Option target="DebugMainAna" />
			<Option target="DebugServer" />
			<Option target="ReleaseEusipco" />
			<Option target="DebugEusipco" />
			<Option target="ReleaseDistIndexing" />
			<Option target="DebugDistIndexing" />
		</Unit>
		<Unit filename="indexer/sphericalHashing/Points.h">
			<Option target="ReleaseMainInd" />
			<Option target="ReleaseMainAna" />
			<Option target="ReleaseServer" />
			<Option target="DebugMainInd" />
			<Option target="DebugMainAna" />
			<Option target="DebugServer" />
			<Option target="ReleaseEusipco" />
			<Option target="DebugEusipco" />
			<Option target="ReleaseDistIndexing" />
			<Option target="DebugDistIndexing" />
		</Unit>
		<Unit filename="indexer/sphericalHashing/Stopwatch.cpp">
			<Option target="ReleaseMainInd" />
			<Option target="ReleaseMainAna" />
			<Option target="ReleaseServer" />
			<Option target="DebugMainInd" />
			<Option target="DebugMainAna" />
			<Option target="DebugServer" />
			<Option target="ReleaseEusipco" />
			<Option target="DebugEusipco" />
			<Option target="ReleaseDistIndexing" />
			<Option target="DebugDistIndexing" />
		</Unit>
		<Unit filename="indexer/sphericalHashing/Stopwatch.hpp">
			<Option target="ReleaseMainInd" />
			<Option target="ReleaseMainAna" />
			<Option target="ReleaseServer" />
			<Option target="DebugMainInd" />
			<Option target="DebugMainAna" />
			<Option target="DebugServer" />
			<Option target="ReleaseEusipco" />
			<Option target="DebugEusipco" />
			<Option target="ReleaseDistIndexing" />
			<Option target="DebugDistIndexing" />
		</Unit>
		<Unit filename="rest/Endpoints/TestEndpoint.cpp">
			<Option target="ReleaseMainInd" />
			<Option target="ReleaseMainAna" />
			<Option target="ReleaseServer" />
			<Option target="DebugMainInd" />
			<Option target="DebugMainAna" />
			<Option target="DebugServer" />
			<Option target="ReleaseEusipco" />
			<Option target="DebugEusipco" />
			<Option target="ReleaseDistIndexing" />
			<Option target="DebugDistIndexing" />
		</Unit>
		<Unit filename="rest/Endpoints/TestEndpoint.h">
			<Option target="ReleaseMainInd" />
			<Option target="ReleaseMainAna" />
			<Option target="ReleaseServer" />
			<Option target="DebugMainInd" />
			<Option target="DebugMainAna" />
			<Option target="DebugServer" />
			<Option target="ReleaseEusipco" />
			<Option target="DebugEusipco" />
			<Option target="ReleaseDistIndexing" />
			<Option target="DebugDistIndexing" />
		</Unit>
		<Unit filename="rest/Endpoints/analyser/CombSearchResult.cpp">
			<Option target="ReleaseMainInd" />
			<Option target="ReleaseMainAna" />
			<Option target="ReleaseServer" />
			<Option target="DebugMainInd" />
			<Option target="DebugMainAna" />
			<Option target="DebugServer" />
			<Option target="ReleaseEusipco" />
			<Option target="DebugEusipco" />
			<Option target="ReleaseDistIndexing" />
			<Option target="DebugDistIndexing" />
		</Unit>
		<Unit filename="rest/Endpoints/analyser/CombSearchResult.h">
			<Option target="ReleaseMainInd" />
			<Option target="ReleaseMainAna" />
			<Option target="ReleaseServer" />
			<Option target="DebugMainInd" />
			<Option target="DebugMainAna" />
			<Option target="DebugServer" />
			<Option target="ReleaseEusipco" />
			<Option target="DebugEusipco" />
			<Option target="ReleaseDistIndexing" />
			<Option target="DebugDistIndexing" />
		</Unit>
		<Unit filename="rest/Endpoints/analyser/EnsembleClassifier.cpp">
			<Option target="ReleaseMainInd" />
			<Option target="ReleaseMainAna" />
			<Option target="ReleaseServer" />
			<Option target="DebugMainInd" />
			<Option target="DebugMainAna" />
			<Option target="DebugServer" />
			<Option target="ReleaseEusipco" />
			<Option target="DebugEusipco" />
			<Option target="ReleaseDistIndexing" />
			<Option target="DebugDistIndexing" />
		</Unit>
		<Unit filename="rest/Endpoints/analyser/EnsembleClassifier.h">
			<Option target="ReleaseMainInd" />
			<Option target="ReleaseMainAna" />
			<Option target="ReleaseServer" />
			<Option target="DebugMainInd" />
			<Option target="DebugMainAna" />
			<Option target="DebugServer" />
			<Option target="ReleaseEusipco" />
			<Option target="DebugEusipco" />
			<Option target="ReleaseDistIndexing" />
			<Option target="DebugDistIndexing" />
		</Unit>
		<Unit filename="rest/Endpoints/analyser/ExtractFeatures.cpp">
			<Option target="ReleaseMainInd" />
			<Option target="ReleaseMainAna" />
			<Option target="ReleaseServer" />
			<Option target="DebugMainInd" />
			<Option target="DebugMainAna" />
			<Option target="DebugServer" />
			<Option target="ReleaseEusipco" />
			<Option target="DebugEusipco" />
			<Option target="ReleaseDistIndexing" />
			<Option target="DebugDistIndexing" />
		</Unit>
		<Unit filename="rest/Endpoints/analyser/ExtractFeatures.h">
			<Option target="ReleaseMainInd" />
			<Option target="ReleaseMainAna" />
			<Option target="ReleaseServer" />
			<Option target="DebugMainInd" />
			<Option target="DebugMainAna" />
			<Option target="DebugServer" />
			<Option target="ReleaseEusipco" />
			<Option target="DebugEusipco" />
			<Option target="ReleaseDistIndexing" />
			<Option target="DebugDistIndexing" />
		</Unit>
		<Unit filename="rest/Endpoints/analyser/GenericClassifier.cpp">
			<Option target="ReleaseMainInd" />
			<Option target="ReleaseMainAna" />
			<Option target="ReleaseServer" />
			<Option target="DebugMainInd" />
			<Option target="DebugMainAna" />
			<Option target="DebugServer" />
			<Option target="ReleaseEusipco" />
			<Option target="DebugEusipco" />
			<Option target="ReleaseDistIndexing" />
			<Option target="DebugDistIndexing" />
		</Unit>
		<Unit filename="rest/Endpoints/analyser/GenericClassifier.h">
			<Option target="ReleaseMainInd" />
			<Option target="ReleaseMainAna" />
			<Option target="ReleaseServer" />
			<Option target="DebugMainInd" />
			<Option target="DebugMainAna" />
			<Option target="DebugServer" />
			<Option target="ReleaseEusipco" />
			<Option target="DebugEusipco" />
			<Option target="ReleaseDistIndexing" />
			<Option target="DebugDistIndexing" />
		</Unit>
		<Unit filename="rest/Endpoints/analyser/GetObjectFeatures.cpp">
			<Option target="ReleaseMainInd" />
			<Option target="ReleaseMainAna" />
			<Option target="ReleaseServer" />
			<Option target="DebugMainInd" />
			<Option target="DebugMainAna" />
			<Option target="DebugServer" />
			<Option target="ReleaseEusipco" />
			<Option target="DebugEusipco" />
			<Option target="ReleaseDistIndexing" />
			<Option target="DebugDistIndexing" />
		</Unit>
		<Unit filename="rest/Endpoints/analyser/GetObjectFeatures.h">
			<Option target="ReleaseMainInd" />
			<Option target="ReleaseMainAna" />
			<Option target="ReleaseServer" />
			<Option target="DebugMainInd" />
			<Option target="DebugMainAna" />
			<Option target="DebugServer" />
			<Option target="ReleaseEusipco" />
			<Option target="DebugEusipco" />
			<Option target="ReleaseDistIndexing" />
			<Option target="DebugDistIndexing" />
		</Unit>
		<Unit filename="rest/Endpoints/analyser/MedicalSearchEngine.cpp">
			<Option target="ReleaseMainInd" />
			<Option target="ReleaseMainAna" />
			<Option target="ReleaseServer" />
			<Option target="DebugMainInd" />
			<Option target="DebugMainAna" />
			<Option target="DebugServer" />
			<Option target="ReleaseEusipco" />
			<Option target="DebugEusipco" />
			<Option target="ReleaseDistIndexing" />
			<Option target="DebugDistIndexing" />
		</Unit>
		<Unit filename="rest/Endpoints/analyser/MedicalSearchEngine.h">
			<Option target="ReleaseMainInd" />
			<Option target="ReleaseMainAna" />
			<Option target="ReleaseServer" />
			<Option target="DebugMainInd" />
			<Option target="DebugMainAna" />
			<Option target="DebugServer" />
			<Option target="ReleaseEusipco" />
			<Option target="DebugEusipco" />
			<Option target="ReleaseDistIndexing" />
			<Option target="DebugDistIndexing" />
		</Unit>
		<Unit filename="rest/Endpoints/analyser/SearchResult.cpp">
			<Option target="ReleaseMainInd" />
			<Option target="ReleaseMainAna" />
			<Option target="ReleaseServer" />
			<Option target="DebugMainInd" />
			<Option target="DebugMainAna" />
			<Option target="DebugServer" />
			<Option target="ReleaseEusipco" />
			<Option target="DebugEusipco" />
			<Option target="ReleaseDistIndexing" />
			<Option target="DebugDistIndexing" />
		</Unit>
		<Unit filename="rest/Endpoints/analyser/SearchResult.h">
			<Option target="ReleaseMainInd" />
			<Option target="ReleaseMainAna" />
			<Option target="ReleaseServer" />
			<Option target="DebugMainInd" />
			<Option target="DebugMainAna" />
			<Option target="DebugServer" />
			<Option target="ReleaseEusipco" />
			<Option target="DebugEusipco" />
			<Option target="ReleaseDistIndexing" />
			<Option target="DebugDistIndexing" />
		</Unit>
		<Unit filename="rest/Endpoints/analyser/VideoTagger.cpp">
			<Option target="ReleaseMainInd" />
			<Option target="ReleaseMainAna" />
			<Option target="ReleaseServer" />
			<Option target="DebugMainInd" />
			<Option target="DebugMainAna" />
			<Option target="DebugServer" />
			<Option target="ReleaseEusipco" />
			<Option target="DebugEusipco" />
			<Option target="ReleaseDistIndexing" />
			<Option target="DebugDistIndexing" />
		</Unit>
		<Unit filename="rest/Endpoints/analyser/VideoTagger.h">
			<Option target="ReleaseMainInd" />
			<Option target="ReleaseMainAna" />
			<Option target="ReleaseServer" />
			<Option target="DebugMainInd" />
			<Option target="DebugMainAna" />
			<Option target="DebugServer" />
			<Option target="ReleaseEusipco" />
			<Option target="DebugEusipco" />
			<Option target="ReleaseDistIndexing" />
			<Option target="DebugDistIndexing" />
		</Unit>
		<Unit filename="rest/Endpoints/codebits/Codebits.cpp">
			<Option target="ReleaseMainInd" />
			<Option target="ReleaseMainAna" />
			<Option target="ReleaseServer" />
			<Option target="DebugMainInd" />
			<Option target="DebugMainAna" />
			<Option target="DebugServer" />
			<Option target="ReleaseEusipco" />
			<Option target="DebugEusipco" />
			<Option target="ReleaseDistIndexing" />
			<Option target="DebugDistIndexing" />
		</Unit>
		<Unit filename="rest/Endpoints/codebits/Codebits.h">
			<Option target="ReleaseMainInd" />
			<Option target="ReleaseMainAna" />
			<Option target="ReleaseServer" />
			<Option target="DebugMainInd" />
			<Option target="DebugMainAna" />
			<Option target="DebugServer" />
			<Option target="ReleaseEusipco" />
			<Option target="DebugEusipco" />
			<Option target="ReleaseDistIndexing" />
			<Option target="DebugDistIndexing" />
		</Unit>
		<Unit filename="rest/Endpoints/database/GetMetadata.cpp">
			<Option target="ReleaseMainInd" />
			<Option target="ReleaseMainAna" />
			<Option target="ReleaseServer" />
			<Option target="DebugMainInd" />
			<Option target="DebugMainAna" />
			<Option target="DebugServer" />
			<Option target="ReleaseEusipco" />
			<Option target="DebugEusipco" />
			<Option target="ReleaseDistIndexing" />
			<Option target="DebugDistIndexing" />
		</Unit>
		<Unit filename="rest/Endpoints/database/GetMetadata.h">
			<Option target="ReleaseMainInd" />
			<Option target="ReleaseMainAna" />
			<Option target="ReleaseServer" />
			<Option target="DebugMainInd" />
			<Option target="DebugMainAna" />
			<Option target="DebugServer" />
			<Option target="ReleaseEusipco" />
			<Option target="DebugEusipco" />
			<Option target="ReleaseDistIndexing" />
			<Option target="DebugDistIndexing" />
		</Unit>
		<Unit filename="rest/Endpoints/indexer/GenericIndexer.cpp">
			<Option target="ReleaseMainInd" />
			<Option target="ReleaseMainAna" />
			<Option target="ReleaseServer" />
			<Option target="DebugMainInd" />
			<Option target="DebugMainAna" />
			<Option target="DebugServer" />
			<Option target="ReleaseEusipco" />
			<Option target="DebugEusipco" />
			<Option target="ReleaseDistIndexing" />
			<Option target="DebugDistIndexing" />
		</Unit>
		<Unit filename="rest/Endpoints/indexer/GenericIndexer.h">
			<Option target="ReleaseMainInd" />
			<Option target="ReleaseMainAna" />
			<Option target="ReleaseServer" />
			<Option target="DebugMainInd" />
			<Option target="DebugMainAna" />
			<Option target="DebugServer" />
			<Option target="ReleaseEusipco" />
			<Option target="DebugEusipco" />
			<Option target="ReleaseDistIndexing" />
			<Option target="DebugDistIndexing" />
		</Unit>
		<Unit filename="rest/FactoryEndpoint.cpp">
			<Option target="ReleaseMainInd" />
			<Option target="ReleaseMainAna" />
			<Option target="ReleaseServer" />
			<Option target="DebugMainInd" />
			<Option target="DebugMainAna" />
			<Option target="DebugServer" />
			<Option target="ReleaseEusipco" />
			<Option target="DebugEusipco" />
			<Option target="ReleaseDistIndexing" />
			<Option target="DebugDistIndexing" />
		</Unit>
		<Unit filename="rest/FactoryEndpoint.h">
			<Option target="ReleaseMainInd" />
			<Option target="ReleaseMainAna" />
			<Option target="ReleaseServer" />
			<Option target="DebugMainInd" />
			<Option target="DebugMainAna" />
			<Option target="DebugServer" />
			<Option target="ReleaseEusipco" />
			<Option target="DebugEusipco" />
			<Option target="ReleaseDistIndexing" />
			<Option target="DebugDistIndexing" />
		</Unit>
		<Unit filename="rest/IEndpoint.h">
			<Option target="ReleaseMainInd" />
			<Option target="ReleaseMainAna" />
			<Option target="ReleaseServer" />
			<Option target="DebugMainInd" />
			<Option target="DebugMainAna" />
			<Option target="DebugServer" />
			<Option target="ReleaseEusipco" />
			<Option target="DebugEusipco" />
			<Option target="ReleaseDistIndexing" />
			<Option target="DebugDistIndexing" />
		</Unit>
		<Unit filename="rest/RestRequestHandler.cpp">
			<Option target="ReleaseMainInd" />
			<Option target="ReleaseMainAna" />
			<Option target="ReleaseServer" />
			<Option target="DebugMainInd" />
			<Option target="DebugMainAna" />
			<Option target="DebugServer" />
			<Option target="ReleaseEusipco" />
			<Option target="DebugEusipco" />
			<Option target="ReleaseDistIndexing" />
			<Option target="DebugDistIndexing" />
		</Unit>
		<Unit filename="rest/RestRequestHandler.h">
			<Option target="ReleaseMainInd" />
			<Option target="ReleaseMainAna" />
			<Option target="ReleaseServer" />
			<Option target="DebugMainInd" />
			<Option target="DebugMainAna" />
			<Option target="DebugServer" />
			<Option target="ReleaseEusipco" />
			<Option target="DebugEusipco" />
			<Option target="ReleaseDistIndexing" />
			<Option target="DebugDistIndexing" />
		</Unit>
		<Unit filename="rest/RestServer.cpp">
			<Option target="ReleaseMainInd" />
			<Option target="ReleaseMainAna" />
			<Option target="ReleaseServer" />
			<Option target="DebugMainInd" />
			<Option target="DebugMainAna" />
			<Option target="DebugServer" />
			<Option target="ReleaseEusipco" />
			<Option target="DebugEusipco" />
			<Option target="ReleaseDistIndexing" />
			<Option target="DebugDistIndexing" />
		</Unit>
		<Unit filename="rest/RestServer.h">
			<Option target="ReleaseMainInd" />
			<Option target="ReleaseMainAna" />
			<Option target="ReleaseServer" />
			<Option target="DebugMainInd" />
			<Option target="DebugMainAna" />
			<Option target="DebugServer" />
			<Option target="ReleaseEusipco" />
			<Option target="DebugEusipco" />
			<Option target="ReleaseDistIndexing" />
			<Option target="DebugDistIndexing" />
		</Unit>
		<Unit filename="rest/main.cpp">
			<Option target="ReleaseServer" />
			<Option target="DebugServer" />
		</Unit>
		<Extensions>
			<code_completion />
			<debugger />
			<envvars />
		</Extensions>
	</Project>
</CodeBlocks_project_file>
