<?xml version="1.0" encoding="utf-8"?>
<Project ToolsVersion="4.0" xmlns="http://schemas.microsoft.com/developer/msbuild/2003">
  <ItemGroup>
    <Filter Include="Source Files">
      <UniqueIdentifier>{4FC737F1-C7A5-4376-A066-2A32D752A2FF}</UniqueIdentifier>
      <Extensions>cpp;c;cc;cxx;def;odl;idl;hpj;bat;asm;asmx</Extensions>
    </Filter>
    <Filter Include="Header Files">
      <UniqueIdentifier>{93995380-89BD-4b04-88EB-625FBE52EBFB}</UniqueIdentifier>
      <Extensions>h;hpp;hxx;hm;inl;inc;xsd</Extensions>
    </Filter>
    <Filter Include="Resource Files">
      <UniqueIdentifier>{67DA6AB6-F800-4c08-8B7A-83BB121AAD01}</UniqueIdentifier>
      <Extensions>rc;ico;cur;bmp;dlg;rc2;rct;bin;rgs;gif;jpg;jpeg;jpe;resx;tiff;tif;png;wav;mfcribbon-ms</Extensions>
    </Filter>
    <Filter Include="Source Files\ImageSources">
      <UniqueIdentifier>{2ce22889-d3f0-4695-9906-2b1106e6450a}</UniqueIdentifier>
    </Filter>
    <Filter Include="Header Files\ImageSources">
      <UniqueIdentifier>{6d1a79c8-734f-4eef-918f-235f90d1a110}</UniqueIdentifier>
    </Filter>
    <Filter Include="Source Files\Tools">
      <UniqueIdentifier>{2b771eec-33df-4cf7-855d-bf62ec465238}</UniqueIdentifier>
    </Filter>
  </ItemGroup>
  <ItemGroup>
    <ClCompile Include="Main.cpp">
      <Filter>Source Files</Filter>
    </ClCompile>
    <ClCompile Include="FaceDetection.cpp">
      <Filter>Source Files</Filter>
    </ClCompile>
    <ClCompile Include="FaceRecognition.cpp">
      <Filter>Source Files</Filter>
    </ClCompile>
    <ClCompile Include="FacialExpressionRecognition.cpp">
      <Filter>Source Files</Filter>
    </ClCompile>
    <ClCompile Include="CamSource.cpp">
      <Filter>Source Files\ImageSources</Filter>
    </ClCompile>
    <ClCompile Include="VideoSource.cpp">
      <Filter>Source Files\ImageSources</Filter>
    </ClCompile>
    <ClCompile Include="Logger.cpp">
      <Filter>Source Files\Tools</Filter>
    </ClCompile>
    <ClCompile Include="TestFunctions.cpp">
      <Filter>Source Files</Filter>
    </ClCompile>
    <ClCompile Include="SingleImageSource.cpp">
      <Filter>Source Files\ImageSources</Filter>
    </ClCompile>
    <ClCompile Include="GaborExtractor.cpp">
      <Filter>Source Files</Filter>
    </ClCompile>
    <ClCompile Include="IlluminationCorrectionFilter.cpp">
      <Filter>Source Files</Filter>
    </ClCompile>
    <ClCompile Include="TextFileSource.cpp">
      <Filter>Source Files</Filter>
    </ClCompile>
  </ItemGroup>
  <ItemGroup>
    <ClInclude Include="FaceDetection.h">
      <Filter>Header Files</Filter>
    </ClInclude>
    <ClInclude Include="FaceRecognition.h">
      <Filter>Header Files</Filter>
    </ClInclude>
    <ClInclude Include="FacialExpressionRecognition.h">
      <Filter>Header Files</Filter>
    </ClInclude>
    <ClInclude Include="CamSource.h">
      <Filter>Header Files\ImageSources</Filter>
    </ClInclude>
    <ClInclude Include="ImageSource.h">
      <Filter>Header Files\ImageSources</Filter>
    </ClInclude>
    <ClInclude Include="VideoSource.h">
      <Filter>Header Files\ImageSources</Filter>
    </ClInclude>
    <ClInclude Include="SingleImageSource.h">
      <Filter>Header Files\ImageSources</Filter>
    </ClInclude>
    <ClInclude Include="ImageFilter.h">
      <Filter>Header Files</Filter>
    </ClInclude>
    <ClInclude Include="IlluminationCorrectionFilter.h">
      <Filter>Header Files</Filter>
    </ClInclude>
    <ClInclude Include="FeatureExtractor.h">
      <Filter>Header Files</Filter>
    </ClInclude>
    <ClInclude Include="GaborExtractor.h">
      <Filter>Header Files</Filter>
    </ClInclude>
    <ClInclude Include="TextFileSource.h">
      <Filter>Header Files</Filter>
    </ClInclude>
  </ItemGroup>
</Project>